// !$*UTF8*$!
{
	archiveVersion = 1;
	classes = {
	};
	objectVersion = 51;
	objects = {

/* Begin PBXBuildFile section */
		270B26C9247B6A4A001804D6 /* AppDelegate.swift in Sources */ = {isa = PBXBuildFile; fileRef = 270B26C8247B6A4A001804D6 /* AppDelegate.swift */; };
		270B26CB247B6A4A001804D6 /* SceneDelegate.swift in Sources */ = {isa = PBXBuildFile; fileRef = 270B26CA247B6A4A001804D6 /* SceneDelegate.swift */; };
		270B26D2247B6A4B001804D6 /* Assets.xcassets in Resources */ = {isa = PBXBuildFile; fileRef = 270B26D1247B6A4B001804D6 /* Assets.xcassets */; };
		270B26DE247B9F9E001804D6 /* GraphRequest.swift in Sources */ = {isa = PBXBuildFile; fileRef = 270B26DD247B9F9E001804D6 /* GraphRequest.swift */; };
		270B26E6247BA178001804D6 /* GraphRequestTests.swift in Sources */ = {isa = PBXBuildFile; fileRef = 270B26E5247BA178001804D6 /* GraphRequestTests.swift */; };
		270B26FA247BC893001804D6 /* AssemblyTypes.graphql.swift in Sources */ = {isa = PBXBuildFile; fileRef = 270B26F7247BC893001804D6 /* AssemblyTypes.graphql.swift */; };
		270B26FB247BC893001804D6 /* Types.graphql.swift in Sources */ = {isa = PBXBuildFile; fileRef = 270B26F8247BC893001804D6 /* Types.graphql.swift */; };
		270B26FC247BC893001804D6 /* Version.graphql.swift in Sources */ = {isa = PBXBuildFile; fileRef = 270B26F9247BC893001804D6 /* Version.graphql.swift */; };
		270B271C2495FAC6001804D6 /* HTTPRequest.swift in Sources */ = {isa = PBXBuildFile; fileRef = 270B271B2495FAC6001804D6 /* HTTPRequest.swift */; };
		2717F46624DAA9A600189F7C /* VotingOptionsView.swift in Sources */ = {isa = PBXBuildFile; fileRef = 2717F46524DAA9A600189F7C /* VotingOptionsView.swift */; };
		2717F46824DAA9C200189F7C /* VotingOptionCell.swift in Sources */ = {isa = PBXBuildFile; fileRef = 2717F46724DAA9C200189F7C /* VotingOptionCell.swift */; };
		2717F46A24DAA9DB00189F7C /* VotingOptionCell.xib in Resources */ = {isa = PBXBuildFile; fileRef = 2717F46924DAA9DB00189F7C /* VotingOptionCell.xib */; };
		2717F46C24DAAFBE00189F7C /* UIButton+Helpers.swift in Sources */ = {isa = PBXBuildFile; fileRef = 2717F46B24DAAFBE00189F7C /* UIButton+Helpers.swift */; };
		2717F46F24DBDDD200189F7C /* RegistrationViewController.swift in Sources */ = {isa = PBXBuildFile; fileRef = 2717F46E24DBDDD200189F7C /* RegistrationViewController.swift */; };
		2717F47124DBDE6800189F7C /* Registration.storyboard in Resources */ = {isa = PBXBuildFile; fileRef = 2717F47024DBDE6800189F7C /* Registration.storyboard */; };
		2717F47324DBE41100189F7C /* ProfileRegisterCell.swift in Sources */ = {isa = PBXBuildFile; fileRef = 2717F47224DBE41100189F7C /* ProfileRegisterCell.swift */; };
		2717F47524E0BC4600189F7C /* CommentCell.xib in Resources */ = {isa = PBXBuildFile; fileRef = 2717F47424E0BC4600189F7C /* CommentCell.xib */; };
		2717F47C24E0C79100189F7C /* EditProposal.storyboard in Resources */ = {isa = PBXBuildFile; fileRef = 2717F47724E0C79000189F7C /* EditProposal.storyboard */; };
		2717F47D24E0C79100189F7C /* ProposalImageCell.swift in Sources */ = {isa = PBXBuildFile; fileRef = 2717F47824E0C79000189F7C /* ProposalImageCell.swift */; };
		2717F47E24E0C79100189F7C /* ProposalDatePickerCell.swift in Sources */ = {isa = PBXBuildFile; fileRef = 2717F47924E0C79000189F7C /* ProposalDatePickerCell.swift */; };
		2717F47F24E0C79100189F7C /* ProposalInputCell.swift in Sources */ = {isa = PBXBuildFile; fileRef = 2717F47A24E0C79000189F7C /* ProposalInputCell.swift */; };
		2717F48024E0C79100189F7C /* EditProposalViewController.swift in Sources */ = {isa = PBXBuildFile; fileRef = 2717F47B24E0C79000189F7C /* EditProposalViewController.swift */; };
		2739747024AB1DED00CA16A3 /* NetworkDataController.swift in Sources */ = {isa = PBXBuildFile; fileRef = 2739746F24AB1DED00CA16A3 /* NetworkDataController.swift */; };
		2739747224AB1E0300CA16A3 /* ProfileInfoDataController.swift in Sources */ = {isa = PBXBuildFile; fileRef = 2739747124AB1E0300CA16A3 /* ProfileInfoDataController.swift */; };
		2739747424AB1FF400CA16A3 /* PublicProposalDataController.swift in Sources */ = {isa = PBXBuildFile; fileRef = 2739747324AB1FF400CA16A3 /* PublicProposalDataController.swift */; };
		2739747624AB267B00CA16A3 /* ProposalListCell.swift in Sources */ = {isa = PBXBuildFile; fileRef = 2739747524AB267B00CA16A3 /* ProposalListCell.swift */; };
		2739747924AB287000CA16A3 /* Date+Helpers.swift in Sources */ = {isa = PBXBuildFile; fileRef = 2739747824AB287000CA16A3 /* Date+Helpers.swift */; };
		2739747C24B568EF00CA16A3 /* ProposalDetailViewController.swift in Sources */ = {isa = PBXBuildFile; fileRef = 2739747B24B568EF00CA16A3 /* ProposalDetailViewController.swift */; };
		2739747E24B5691B00CA16A3 /* ProposalDetail.storyboard in Resources */ = {isa = PBXBuildFile; fileRef = 2739747D24B5691B00CA16A3 /* ProposalDetail.storyboard */; };
		2739748224B5A01400CA16A3 /* ProposalDetailTitleCell.swift in Sources */ = {isa = PBXBuildFile; fileRef = 2739748124B5A01400CA16A3 /* ProposalDetailTitleCell.swift */; };
		2739748424B5A03200CA16A3 /* ProposalDetailEngagementCell.swift in Sources */ = {isa = PBXBuildFile; fileRef = 2739748324B5A03200CA16A3 /* ProposalDetailEngagementCell.swift */; };
		2739748624B5A05E00CA16A3 /* ProposalDetailBodyCell.swift in Sources */ = {isa = PBXBuildFile; fileRef = 2739748524B5A05E00CA16A3 /* ProposalDetailBodyCell.swift */; };
		2739748824B5A07600CA16A3 /* ProposalDetailAuthorCell.swift in Sources */ = {isa = PBXBuildFile; fileRef = 2739748724B5A07600CA16A3 /* ProposalDetailAuthorCell.swift */; };
		2739748A24B5A08F00CA16A3 /* ProposalDetailAmendmentsCell.swift in Sources */ = {isa = PBXBuildFile; fileRef = 2739748924B5A08F00CA16A3 /* ProposalDetailAmendmentsCell.swift */; };
		2739748E24B5A23E00CA16A3 /* ProposalDetail.swift in Sources */ = {isa = PBXBuildFile; fileRef = 2739748D24B5A23E00CA16A3 /* ProposalDetail.swift */; };
		2739749024B5A30E00CA16A3 /* ProposalDetailDataController.swift in Sources */ = {isa = PBXBuildFile; fileRef = 2739748F24B5A30E00CA16A3 /* ProposalDetailDataController.swift */; };
		2756A6B0249708DE0023DC91 /* LaunchScreen.storyboard in Resources */ = {isa = PBXBuildFile; fileRef = 2756A6AD249708DE0023DC91 /* LaunchScreen.storyboard */; };
		2756A6B2249708DE0023DC91 /* Main.storyboard in Resources */ = {isa = PBXBuildFile; fileRef = 2756A6AF249708DE0023DC91 /* Main.storyboard */; };
		2756A6BD2498588C0023DC91 /* HTTPRequestTests.swift in Sources */ = {isa = PBXBuildFile; fileRef = 2756A6BC2498588C0023DC91 /* HTTPRequestTests.swift */; };
		2756A6CD24985D280023DC91 /* ViewController.swift in Sources */ = {isa = PBXBuildFile; fileRef = 2756A6C824985D280023DC91 /* ViewController.swift */; };
		2756A6CE24985D280023DC91 /* ProposalListViewController.swift in Sources */ = {isa = PBXBuildFile; fileRef = 2756A6CA24985D280023DC91 /* ProposalListViewController.swift */; };
		2756A6CF24985D280023DC91 /* ProfileViewController.swift in Sources */ = {isa = PBXBuildFile; fileRef = 2756A6CC24985D280023DC91 /* ProfileViewController.swift */; };
		2756A6D1249860920023DC91 /* ProfileNameCell.swift in Sources */ = {isa = PBXBuildFile; fileRef = 2756A6D0249860920023DC91 /* ProfileNameCell.swift */; };
		2756A6D32498609D0023DC91 /* ProfilePasswordCell.swift in Sources */ = {isa = PBXBuildFile; fileRef = 2756A6D22498609D0023DC91 /* ProfilePasswordCell.swift */; };
		2756A6D5249860AC0023DC91 /* ProfilePreferencesCell.swift in Sources */ = {isa = PBXBuildFile; fileRef = 2756A6D4249860AC0023DC91 /* ProfilePreferencesCell.swift */; };
		2756A6DB249861560023DC91 /* ProposalVote.swift in Sources */ = {isa = PBXBuildFile; fileRef = 2756A6D7249861560023DC91 /* ProposalVote.swift */; };
		2756A6DC249861560023DC91 /* Proposal.swift in Sources */ = {isa = PBXBuildFile; fileRef = 2756A6D8249861560023DC91 /* Proposal.swift */; };
		2756A6DD249861560023DC91 /* ProposalComment.swift in Sources */ = {isa = PBXBuildFile; fileRef = 2756A6D9249861560023DC91 /* ProposalComment.swift */; };
		2756A6DF2498615D0023DC91 /* ProfileInfo.swift in Sources */ = {isa = PBXBuildFile; fileRef = 2756A6DE2498615D0023DC91 /* ProfileInfo.swift */; };
		2756A6E1249861DE0023DC91 /* Profile.storyboard in Resources */ = {isa = PBXBuildFile; fileRef = 2756A6E0249861DE0023DC91 /* Profile.storyboard */; };
		2756A6E3249861E30023DC91 /* ProposalList.storyboard in Resources */ = {isa = PBXBuildFile; fileRef = 2756A6E2249861E30023DC91 /* ProposalList.storyboard */; };
		2756A6E5249868C60023DC91 /* ProfilePasswordViewController.swift in Sources */ = {isa = PBXBuildFile; fileRef = 2756A6E4249868C60023DC91 /* ProfilePasswordViewController.swift */; };
		2789E97D24B5BD6A0061C3E9 /* UIView+Rounded.swift in Sources */ = {isa = PBXBuildFile; fileRef = 2789E97C24B5BD6A0061C3E9 /* UIView+Rounded.swift */; };
		2789E98124B67D610061C3E9 /* ProfilePassword.storyboard in Resources */ = {isa = PBXBuildFile; fileRef = 2789E98024B67D610061C3E9 /* ProfilePassword.storyboard */; };
		2789E98424B67FDE0061C3E9 /* VoteList.storyboard in Resources */ = {isa = PBXBuildFile; fileRef = 2789E98324B67FDE0061C3E9 /* VoteList.storyboard */; };
		2789E98624B67FF50061C3E9 /* VoteListViewController.swift in Sources */ = {isa = PBXBuildFile; fileRef = 2789E98524B67FF50061C3E9 /* VoteListViewController.swift */; };
		2789E98824B680BA0061C3E9 /* ProposalVoteCell.swift in Sources */ = {isa = PBXBuildFile; fileRef = 2789E98724B680BA0061C3E9 /* ProposalVoteCell.swift */; };
		2789E98C24B689A60061C3E9 /* VotePreferencesViewController.swift in Sources */ = {isa = PBXBuildFile; fileRef = 2789E98B24B689A60061C3E9 /* VotePreferencesViewController.swift */; };
		2789E98E24B689CF0061C3E9 /* VotePreferences.storyboard in Resources */ = {isa = PBXBuildFile; fileRef = 2789E98D24B689CF0061C3E9 /* VotePreferences.storyboard */; };
		2789E99024B68A990061C3E9 /* VotePreferencesToggleCell.swift in Sources */ = {isa = PBXBuildFile; fileRef = 2789E98F24B68A990061C3E9 /* VotePreferencesToggleCell.swift */; };
		2789E99224B68B310061C3E9 /* VotePreferencesDelegateCell.swift in Sources */ = {isa = PBXBuildFile; fileRef = 2789E99124B68B310061C3E9 /* VotePreferencesDelegateCell.swift */; };
		27B22B2924BF0C1D005DF376 /* CommentListViewController.swift in Sources */ = {isa = PBXBuildFile; fileRef = 27B22B2824BF0C1D005DF376 /* CommentListViewController.swift */; };
		27B22B2B24BF0C26005DF376 /* CommentList.storyboard in Resources */ = {isa = PBXBuildFile; fileRef = 27B22B2A24BF0C26005DF376 /* CommentList.storyboard */; };
		27B22B2D24BF0CC3005DF376 /* CommentCell.swift in Sources */ = {isa = PBXBuildFile; fileRef = 27B22B2C24BF0CC3005DF376 /* CommentCell.swift */; };
		27B22B3224BFC692005DF376 /* ProposalCommentsDataController.swift in Sources */ = {isa = PBXBuildFile; fileRef = 27B22B3124BFC692005DF376 /* ProposalCommentsDataController.swift */; };
		27B22B3A24D2382C005DF376 /* VoteDelegationManager.swift in Sources */ = {isa = PBXBuildFile; fileRef = 27B22B3924D2382C005DF376 /* VoteDelegationManager.swift */; };
		27B22B3C24D23CD2005DF376 /* ProfileSearch.storyboard in Resources */ = {isa = PBXBuildFile; fileRef = 27B22B3B24D23CD2005DF376 /* ProfileSearch.storyboard */; };
		27B22B3E24D23CE8005DF376 /* ProfileSearchViewController.swift in Sources */ = {isa = PBXBuildFile; fileRef = 27B22B3D24D23CE7005DF376 /* ProfileSearchViewController.swift */; };
		27B22B4024D23D87005DF376 /* ProfileSearchResultCell.swift in Sources */ = {isa = PBXBuildFile; fileRef = 27B22B3F24D23D87005DF376 /* ProfileSearchResultCell.swift */; };
		27B22B4224D7B399005DF376 /* ProposalVotesDataController.swift in Sources */ = {isa = PBXBuildFile; fileRef = 27B22B4124D7B398005DF376 /* ProposalVotesDataController.swift */; };
		27B22B4424D7DC24005DF376 /* VoterList.storyboard in Resources */ = {isa = PBXBuildFile; fileRef = 27B22B4324D7DC24005DF376 /* VoterList.storyboard */; };
		27B22B4624D7DC2E005DF376 /* VoterListViewController.swift in Sources */ = {isa = PBXBuildFile; fileRef = 27B22B4524D7DC2E005DF376 /* VoterListViewController.swift */; };
		27B22B4824D7DDD2005DF376 /* ProposalVoterCell.swift in Sources */ = {isa = PBXBuildFile; fileRef = 27B22B4724D7DDD2005DF376 /* ProposalVoterCell.swift */; };
		27B22B4A24D7EEC0005DF376 /* MyProfileController.swift in Sources */ = {isa = PBXBuildFile; fileRef = 27B22B4924D7EEC0005DF376 /* MyProfileController.swift */; };
		27B22B4E24D929EB005DF376 /* UIColor+Helpers.swift in Sources */ = {isa = PBXBuildFile; fileRef = 27B22B4D24D929EB005DF376 /* UIColor+Helpers.swift */; };
		27B22B5124D93505005DF376 /* ProposalAmendment.swift in Sources */ = {isa = PBXBuildFile; fileRef = 27B22B5024D93505005DF376 /* ProposalAmendment.swift */; };
		27B22B5324D9356C005DF376 /* ProposalAmendmentDataController.swift in Sources */ = {isa = PBXBuildFile; fileRef = 27B22B5224D9356C005DF376 /* ProposalAmendmentDataController.swift */; };
		27B22B5624D93760005DF376 /* GradientView.swift in Sources */ = {isa = PBXBuildFile; fileRef = 27B22B5524D93760005DF376 /* GradientView.swift */; };
		27B22B5B24D93978005DF376 /* ProfileIconListView.swift in Sources */ = {isa = PBXBuildFile; fileRef = 27B22B5A24D93978005DF376 /* ProfileIconListView.swift */; };
		27B22B5D24D93988005DF376 /* ProfileIconCollectionCell.swift in Sources */ = {isa = PBXBuildFile; fileRef = 27B22B5C24D93988005DF376 /* ProfileIconCollectionCell.swift */; };
		27B22B5F24D9399C005DF376 /* ProfileIconCollectionCell.xib in Resources */ = {isa = PBXBuildFile; fileRef = 27B22B5E24D9399C005DF376 /* ProfileIconCollectionCell.xib */; };
		27B22B6224D93FEA005DF376 /* AmendmentListViewController.swift in Sources */ = {isa = PBXBuildFile; fileRef = 27B22B6124D93FEA005DF376 /* AmendmentListViewController.swift */; };
		27B22B6424D94025005DF376 /* AmendmentCell.swift in Sources */ = {isa = PBXBuildFile; fileRef = 27B22B6324D94025005DF376 /* AmendmentCell.swift */; };
		27B22B6624D94077005DF376 /* AmendmentList.storyboard in Resources */ = {isa = PBXBuildFile; fileRef = 27B22B6524D94077005DF376 /* AmendmentList.storyboard */; };
		27F8837E24E3B92B00B216D2 /* CreateAmendment.storyboard in Resources */ = {isa = PBXBuildFile; fileRef = 27F8837D24E3B92B00B216D2 /* CreateAmendment.storyboard */; };
		27F8838024E3B93C00B216D2 /* CreateAmendmentViewController.swift in Sources */ = {isa = PBXBuildFile; fileRef = 27F8837F24E3B93C00B216D2 /* CreateAmendmentViewController.swift */; };
		27F8838524E7914700B216D2 /* TeamListDataController.swift in Sources */ = {isa = PBXBuildFile; fileRef = 27F8838424E7914700B216D2 /* TeamListDataController.swift */; };
		27F8838724E7917A00B216D2 /* Team.swift in Sources */ = {isa = PBXBuildFile; fileRef = 27F8838624E7917A00B216D2 /* Team.swift */; };
		27F8838924E791A100B216D2 /* TeamDetail.swift in Sources */ = {isa = PBXBuildFile; fileRef = 27F8838824E791A100B216D2 /* TeamDetail.swift */; };
		27F883A924E798CE00B216D2 /* TeamList.storyboard in Resources */ = {isa = PBXBuildFile; fileRef = 27F883A124E798CE00B216D2 /* TeamList.storyboard */; };
		27F883AA24E798CE00B216D2 /* TeamListViewController.swift in Sources */ = {isa = PBXBuildFile; fileRef = 27F883A224E798CE00B216D2 /* TeamListViewController.swift */; };
		27F883AB24E798CE00B216D2 /* TeamListCell.swift in Sources */ = {isa = PBXBuildFile; fileRef = 27F883A324E798CE00B216D2 /* TeamListCell.swift */; };
		27F883AC24E798CE00B216D2 /* TeamDetailBodyCell.swift in Sources */ = {isa = PBXBuildFile; fileRef = 27F883A524E798CE00B216D2 /* TeamDetailBodyCell.swift */; };
		27F883AD24E798CE00B216D2 /* TeamDetailViewController.swift in Sources */ = {isa = PBXBuildFile; fileRef = 27F883A624E798CE00B216D2 /* TeamDetailViewController.swift */; };
		27F883AE24E798CE00B216D2 /* TeamDetailTitleCell.swift in Sources */ = {isa = PBXBuildFile; fileRef = 27F883A724E798CE00B216D2 /* TeamDetailTitleCell.swift */; };
		27F883AF24E798CE00B216D2 /* TeamDetail.storyboard in Resources */ = {isa = PBXBuildFile; fileRef = 27F883A824E798CE00B216D2 /* TeamDetail.storyboard */; };
		27F883B524E79D7100B216D2 /* TeamImageCell.swift in Sources */ = {isa = PBXBuildFile; fileRef = 27F883B124E79D7100B216D2 /* TeamImageCell.swift */; };
		27F883B624E79D7100B216D2 /* TeamInputCell.swift in Sources */ = {isa = PBXBuildFile; fileRef = 27F883B224E79D7100B216D2 /* TeamInputCell.swift */; };
		27F883B724E79D7100B216D2 /* EditTeamViewController.swift in Sources */ = {isa = PBXBuildFile; fileRef = 27F883B324E79D7100B216D2 /* EditTeamViewController.swift */; };
		27F883B824E79D7100B216D2 /* EditTeam.storyboard in Resources */ = {isa = PBXBuildFile; fileRef = 27F883B424E79D7100B216D2 /* EditTeam.storyboard */; };
		27F883BA24EA5C1700B216D2 /* TeamMemberStatus.swift in Sources */ = {isa = PBXBuildFile; fileRef = 27F883B924EA5C1700B216D2 /* TeamMemberStatus.swift */; };
		27F883C024ECF5CA00B216D2 /* TeamListHeaderView.swift in Sources */ = {isa = PBXBuildFile; fileRef = 27F883BF24ECF5CA00B216D2 /* TeamListHeaderView.swift */; };
		27F883C224ECF60E00B216D2 /* TeamListHeaderView.xib in Resources */ = {isa = PBXBuildFile; fileRef = 27F883C124ECF60E00B216D2 /* TeamListHeaderView.xib */; };
		27F883C424ECFA3100B216D2 /* TeamActionStatus.swift in Sources */ = {isa = PBXBuildFile; fileRef = 27F883C324ECFA3100B216D2 /* TeamActionStatus.swift */; };
		27F883C824ED062700B216D2 /* TeamMemberListCell.swift in Sources */ = {isa = PBXBuildFile; fileRef = 27F883C724ED062700B216D2 /* TeamMemberListCell.swift */; };
		27F883CA24ED075D00B216D2 /* TeamActionListCell.swift in Sources */ = {isa = PBXBuildFile; fileRef = 27F883C924ED075D00B216D2 /* TeamActionListCell.swift */; };
		27F883D724EDD94500B216D2 /* TeamMembers.storyboard in Resources */ = {isa = PBXBuildFile; fileRef = 27F883D424EDD94400B216D2 /* TeamMembers.storyboard */; };
		27F883D824EDD94500B216D2 /* TeamMembersViewController.swift in Sources */ = {isa = PBXBuildFile; fileRef = 27F883D524EDD94400B216D2 /* TeamMembersViewController.swift */; };
		27F883D924EDD94500B216D2 /* TeamMemberCell.swift in Sources */ = {isa = PBXBuildFile; fileRef = 27F883D624EDD94400B216D2 /* TeamMemberCell.swift */; };
		27F883DC24EDD98600B216D2 /* TeamActionsViewController.swift in Sources */ = {isa = PBXBuildFile; fileRef = 27F883DB24EDD98600B216D2 /* TeamActionsViewController.swift */; };
		27F883DE24EDD99200B216D2 /* TeamActions.storyboard in Resources */ = {isa = PBXBuildFile; fileRef = 27F883DD24EDD99200B216D2 /* TeamActions.storyboard */; };
		27F883E024EDD9CD00B216D2 /* TeamActionCell.swift in Sources */ = {isa = PBXBuildFile; fileRef = 27F883DF24EDD9CD00B216D2 /* TeamActionCell.swift */; };
		27F883E224EDDF0700B216D2 /* EditActionViewController.swift in Sources */ = {isa = PBXBuildFile; fileRef = 27F883E124EDDF0700B216D2 /* EditActionViewController.swift */; };
		27F883E424EDDF1D00B216D2 /* EditAction.storyboard in Resources */ = {isa = PBXBuildFile; fileRef = 27F883E324EDDF1D00B216D2 /* EditAction.storyboard */; };
		27F883E724F5241F00B216D2 /* KrakenIconFont.swift in Sources */ = {isa = PBXBuildFile; fileRef = 27F883E624F5241F00B216D2 /* KrakenIconFont.swift */; };
		27F883EA24F5242A00B216D2 /* Kraken.ttf in Resources */ = {isa = PBXBuildFile; fileRef = 27F883E924F5242A00B216D2 /* Kraken.ttf */; };
		27F883EE24F6613100B216D2 /* UIImageView+Helpers.swift in Sources */ = {isa = PBXBuildFile; fileRef = 27F883ED24F6613100B216D2 /* UIImageView+Helpers.swift */; };
		27F883F024F6616E00B216D2 /* UIBarItem+Helpers.swift in Sources */ = {isa = PBXBuildFile; fileRef = 27F883EF24F6616E00B216D2 /* UIBarItem+Helpers.swift */; };
		AB155E568CA52D533F89AC3B /* libPods-DecidimTests.a in Frameworks */ = {isa = PBXBuildFile; fileRef = 78372889BD54A1A80A247D45 /* libPods-DecidimTests.a */; };
		B3A05DC195696C9BC7A4E7C2 /* libPods-Decidim.a in Frameworks */ = {isa = PBXBuildFile; fileRef = FDFEDBE9A978436FF9E7BA6E /* libPods-Decidim.a */; };
/* End PBXBuildFile section */

/* Begin PBXContainerItemProxy section */
		270B26E8247BA178001804D6 /* PBXContainerItemProxy */ = {
			isa = PBXContainerItemProxy;
			containerPortal = 270B26BD247B6A4A001804D6 /* Project object */;
			proxyType = 1;
			remoteGlobalIDString = 270B26C4247B6A4A001804D6;
			remoteInfo = Decidim;
		};
/* End PBXContainerItemProxy section */

/* Begin PBXFileReference section */
		130A2E34CD122E01524D7078 /* Pods-DecidimTests.release.xcconfig */ = {isa = PBXFileReference; includeInIndex = 1; lastKnownFileType = text.xcconfig; name = "Pods-DecidimTests.release.xcconfig"; path = "Target Support Files/Pods-DecidimTests/Pods-DecidimTests.release.xcconfig"; sourceTree = "<group>"; };
		270B26C5247B6A4A001804D6 /* Decidim.app */ = {isa = PBXFileReference; explicitFileType = wrapper.application; includeInIndex = 0; path = Decidim.app; sourceTree = BUILT_PRODUCTS_DIR; };
		270B26C8247B6A4A001804D6 /* AppDelegate.swift */ = {isa = PBXFileReference; lastKnownFileType = sourcecode.swift; path = AppDelegate.swift; sourceTree = "<group>"; };
		270B26CA247B6A4A001804D6 /* SceneDelegate.swift */ = {isa = PBXFileReference; lastKnownFileType = sourcecode.swift; path = SceneDelegate.swift; sourceTree = "<group>"; };
		270B26D1247B6A4B001804D6 /* Assets.xcassets */ = {isa = PBXFileReference; lastKnownFileType = folder.assetcatalog; path = Assets.xcassets; sourceTree = "<group>"; };
		270B26D6247B6A4B001804D6 /* Info.plist */ = {isa = PBXFileReference; lastKnownFileType = text.plist.xml; path = Info.plist; sourceTree = "<group>"; };
		270B26DD247B9F9E001804D6 /* GraphRequest.swift */ = {isa = PBXFileReference; lastKnownFileType = sourcecode.swift; path = GraphRequest.swift; sourceTree = "<group>"; };
		270B26E3247BA178001804D6 /* DecidimTests.xctest */ = {isa = PBXFileReference; explicitFileType = wrapper.cfbundle; includeInIndex = 0; path = DecidimTests.xctest; sourceTree = BUILT_PRODUCTS_DIR; };
		270B26E5247BA178001804D6 /* GraphRequestTests.swift */ = {isa = PBXFileReference; lastKnownFileType = sourcecode.swift; path = GraphRequestTests.swift; sourceTree = "<group>"; };
		270B26E7247BA178001804D6 /* Info.plist */ = {isa = PBXFileReference; lastKnownFileType = text.plist.xml; path = Info.plist; sourceTree = "<group>"; };
		270B26F7247BC893001804D6 /* AssemblyTypes.graphql.swift */ = {isa = PBXFileReference; fileEncoding = 4; lastKnownFileType = sourcecode.swift; path = AssemblyTypes.graphql.swift; sourceTree = "<group>"; };
		270B26F8247BC893001804D6 /* Types.graphql.swift */ = {isa = PBXFileReference; fileEncoding = 4; lastKnownFileType = sourcecode.swift; path = Types.graphql.swift; sourceTree = "<group>"; };
		270B26F9247BC893001804D6 /* Version.graphql.swift */ = {isa = PBXFileReference; fileEncoding = 4; lastKnownFileType = sourcecode.swift; path = Version.graphql.swift; sourceTree = "<group>"; };
		270B271B2495FAC6001804D6 /* HTTPRequest.swift */ = {isa = PBXFileReference; lastKnownFileType = sourcecode.swift; path = HTTPRequest.swift; sourceTree = "<group>"; };
		2717F46524DAA9A600189F7C /* VotingOptionsView.swift */ = {isa = PBXFileReference; lastKnownFileType = sourcecode.swift; path = VotingOptionsView.swift; sourceTree = "<group>"; };
		2717F46724DAA9C200189F7C /* VotingOptionCell.swift */ = {isa = PBXFileReference; lastKnownFileType = sourcecode.swift; path = VotingOptionCell.swift; sourceTree = "<group>"; };
		2717F46924DAA9DB00189F7C /* VotingOptionCell.xib */ = {isa = PBXFileReference; lastKnownFileType = file.xib; path = VotingOptionCell.xib; sourceTree = "<group>"; };
		2717F46B24DAAFBE00189F7C /* UIButton+Helpers.swift */ = {isa = PBXFileReference; lastKnownFileType = sourcecode.swift; path = "UIButton+Helpers.swift"; sourceTree = "<group>"; };
		2717F46E24DBDDD200189F7C /* RegistrationViewController.swift */ = {isa = PBXFileReference; lastKnownFileType = sourcecode.swift; path = RegistrationViewController.swift; sourceTree = "<group>"; };
		2717F47024DBDE6800189F7C /* Registration.storyboard */ = {isa = PBXFileReference; lastKnownFileType = file.storyboard; path = Registration.storyboard; sourceTree = "<group>"; };
		2717F47224DBE41100189F7C /* ProfileRegisterCell.swift */ = {isa = PBXFileReference; lastKnownFileType = sourcecode.swift; path = ProfileRegisterCell.swift; sourceTree = "<group>"; };
		2717F47424E0BC4600189F7C /* CommentCell.xib */ = {isa = PBXFileReference; lastKnownFileType = file.xib; path = CommentCell.xib; sourceTree = "<group>"; };
		2717F47724E0C79000189F7C /* EditProposal.storyboard */ = {isa = PBXFileReference; fileEncoding = 4; lastKnownFileType = file.storyboard; path = EditProposal.storyboard; sourceTree = "<group>"; };
		2717F47824E0C79000189F7C /* ProposalImageCell.swift */ = {isa = PBXFileReference; fileEncoding = 4; lastKnownFileType = sourcecode.swift; path = ProposalImageCell.swift; sourceTree = "<group>"; };
		2717F47924E0C79000189F7C /* ProposalDatePickerCell.swift */ = {isa = PBXFileReference; fileEncoding = 4; lastKnownFileType = sourcecode.swift; path = ProposalDatePickerCell.swift; sourceTree = "<group>"; };
		2717F47A24E0C79000189F7C /* ProposalInputCell.swift */ = {isa = PBXFileReference; fileEncoding = 4; lastKnownFileType = sourcecode.swift; path = ProposalInputCell.swift; sourceTree = "<group>"; };
		2717F47B24E0C79000189F7C /* EditProposalViewController.swift */ = {isa = PBXFileReference; fileEncoding = 4; lastKnownFileType = sourcecode.swift; path = EditProposalViewController.swift; sourceTree = "<group>"; };
		2739746F24AB1DED00CA16A3 /* NetworkDataController.swift */ = {isa = PBXFileReference; fileEncoding = 4; lastKnownFileType = sourcecode.swift; path = NetworkDataController.swift; sourceTree = "<group>"; };
		2739747124AB1E0300CA16A3 /* ProfileInfoDataController.swift */ = {isa = PBXFileReference; lastKnownFileType = sourcecode.swift; path = ProfileInfoDataController.swift; sourceTree = "<group>"; };
		2739747324AB1FF400CA16A3 /* PublicProposalDataController.swift */ = {isa = PBXFileReference; lastKnownFileType = sourcecode.swift; path = PublicProposalDataController.swift; sourceTree = "<group>"; };
		2739747524AB267B00CA16A3 /* ProposalListCell.swift */ = {isa = PBXFileReference; lastKnownFileType = sourcecode.swift; path = ProposalListCell.swift; sourceTree = "<group>"; };
		2739747824AB287000CA16A3 /* Date+Helpers.swift */ = {isa = PBXFileReference; lastKnownFileType = sourcecode.swift; path = "Date+Helpers.swift"; sourceTree = "<group>"; };
		2739747B24B568EF00CA16A3 /* ProposalDetailViewController.swift */ = {isa = PBXFileReference; lastKnownFileType = sourcecode.swift; path = ProposalDetailViewController.swift; sourceTree = "<group>"; };
		2739747D24B5691B00CA16A3 /* ProposalDetail.storyboard */ = {isa = PBXFileReference; lastKnownFileType = file.storyboard; path = ProposalDetail.storyboard; sourceTree = "<group>"; };
		2739748124B5A01400CA16A3 /* ProposalDetailTitleCell.swift */ = {isa = PBXFileReference; lastKnownFileType = sourcecode.swift; path = ProposalDetailTitleCell.swift; sourceTree = "<group>"; };
		2739748324B5A03200CA16A3 /* ProposalDetailEngagementCell.swift */ = {isa = PBXFileReference; lastKnownFileType = sourcecode.swift; path = ProposalDetailEngagementCell.swift; sourceTree = "<group>"; };
		2739748524B5A05E00CA16A3 /* ProposalDetailBodyCell.swift */ = {isa = PBXFileReference; lastKnownFileType = sourcecode.swift; path = ProposalDetailBodyCell.swift; sourceTree = "<group>"; };
		2739748724B5A07600CA16A3 /* ProposalDetailAuthorCell.swift */ = {isa = PBXFileReference; lastKnownFileType = sourcecode.swift; path = ProposalDetailAuthorCell.swift; sourceTree = "<group>"; };
		2739748924B5A08F00CA16A3 /* ProposalDetailAmendmentsCell.swift */ = {isa = PBXFileReference; lastKnownFileType = sourcecode.swift; path = ProposalDetailAmendmentsCell.swift; sourceTree = "<group>"; };
		2739748D24B5A23E00CA16A3 /* ProposalDetail.swift */ = {isa = PBXFileReference; lastKnownFileType = sourcecode.swift; path = ProposalDetail.swift; sourceTree = "<group>"; };
		2739748F24B5A30E00CA16A3 /* ProposalDetailDataController.swift */ = {isa = PBXFileReference; lastKnownFileType = sourcecode.swift; path = ProposalDetailDataController.swift; sourceTree = "<group>"; };
		2756A6AD249708DE0023DC91 /* LaunchScreen.storyboard */ = {isa = PBXFileReference; fileEncoding = 4; lastKnownFileType = file.storyboard; path = LaunchScreen.storyboard; sourceTree = "<group>"; };
		2756A6AF249708DE0023DC91 /* Main.storyboard */ = {isa = PBXFileReference; fileEncoding = 4; lastKnownFileType = file.storyboard; path = Main.storyboard; sourceTree = "<group>"; };
		2756A6BC2498588C0023DC91 /* HTTPRequestTests.swift */ = {isa = PBXFileReference; lastKnownFileType = sourcecode.swift; path = HTTPRequestTests.swift; sourceTree = "<group>"; };
		2756A6C824985D280023DC91 /* ViewController.swift */ = {isa = PBXFileReference; fileEncoding = 4; lastKnownFileType = sourcecode.swift; path = ViewController.swift; sourceTree = "<group>"; };
		2756A6CA24985D280023DC91 /* ProposalListViewController.swift */ = {isa = PBXFileReference; fileEncoding = 4; lastKnownFileType = sourcecode.swift; path = ProposalListViewController.swift; sourceTree = "<group>"; };
		2756A6CC24985D280023DC91 /* ProfileViewController.swift */ = {isa = PBXFileReference; fileEncoding = 4; lastKnownFileType = sourcecode.swift; path = ProfileViewController.swift; sourceTree = "<group>"; };
		2756A6D0249860920023DC91 /* ProfileNameCell.swift */ = {isa = PBXFileReference; lastKnownFileType = sourcecode.swift; path = ProfileNameCell.swift; sourceTree = "<group>"; };
		2756A6D22498609D0023DC91 /* ProfilePasswordCell.swift */ = {isa = PBXFileReference; lastKnownFileType = sourcecode.swift; path = ProfilePasswordCell.swift; sourceTree = "<group>"; };
		2756A6D4249860AC0023DC91 /* ProfilePreferencesCell.swift */ = {isa = PBXFileReference; lastKnownFileType = sourcecode.swift; path = ProfilePreferencesCell.swift; sourceTree = "<group>"; };
		2756A6D7249861560023DC91 /* ProposalVote.swift */ = {isa = PBXFileReference; fileEncoding = 4; lastKnownFileType = sourcecode.swift; path = ProposalVote.swift; sourceTree = "<group>"; };
		2756A6D8249861560023DC91 /* Proposal.swift */ = {isa = PBXFileReference; fileEncoding = 4; lastKnownFileType = sourcecode.swift; path = Proposal.swift; sourceTree = "<group>"; };
		2756A6D9249861560023DC91 /* ProposalComment.swift */ = {isa = PBXFileReference; fileEncoding = 4; lastKnownFileType = sourcecode.swift; path = ProposalComment.swift; sourceTree = "<group>"; };
		2756A6DE2498615D0023DC91 /* ProfileInfo.swift */ = {isa = PBXFileReference; lastKnownFileType = sourcecode.swift; path = ProfileInfo.swift; sourceTree = "<group>"; };
		2756A6E0249861DE0023DC91 /* Profile.storyboard */ = {isa = PBXFileReference; fileEncoding = 4; lastKnownFileType = file.storyboard; path = Profile.storyboard; sourceTree = "<group>"; };
		2756A6E2249861E30023DC91 /* ProposalList.storyboard */ = {isa = PBXFileReference; fileEncoding = 4; lastKnownFileType = file.storyboard; path = ProposalList.storyboard; sourceTree = "<group>"; };
		2756A6E4249868C60023DC91 /* ProfilePasswordViewController.swift */ = {isa = PBXFileReference; lastKnownFileType = sourcecode.swift; path = ProfilePasswordViewController.swift; sourceTree = "<group>"; };
		2789E97C24B5BD6A0061C3E9 /* UIView+Rounded.swift */ = {isa = PBXFileReference; lastKnownFileType = sourcecode.swift; path = "UIView+Rounded.swift"; sourceTree = "<group>"; };
		2789E98024B67D610061C3E9 /* ProfilePassword.storyboard */ = {isa = PBXFileReference; lastKnownFileType = file.storyboard; path = ProfilePassword.storyboard; sourceTree = "<group>"; };
		2789E98324B67FDE0061C3E9 /* VoteList.storyboard */ = {isa = PBXFileReference; lastKnownFileType = file.storyboard; path = VoteList.storyboard; sourceTree = "<group>"; };
		2789E98524B67FF50061C3E9 /* VoteListViewController.swift */ = {isa = PBXFileReference; lastKnownFileType = sourcecode.swift; path = VoteListViewController.swift; sourceTree = "<group>"; };
		2789E98724B680BA0061C3E9 /* ProposalVoteCell.swift */ = {isa = PBXFileReference; lastKnownFileType = sourcecode.swift; path = ProposalVoteCell.swift; sourceTree = "<group>"; };
		2789E98B24B689A60061C3E9 /* VotePreferencesViewController.swift */ = {isa = PBXFileReference; lastKnownFileType = sourcecode.swift; path = VotePreferencesViewController.swift; sourceTree = "<group>"; };
		2789E98D24B689CF0061C3E9 /* VotePreferences.storyboard */ = {isa = PBXFileReference; lastKnownFileType = file.storyboard; path = VotePreferences.storyboard; sourceTree = "<group>"; };
		2789E98F24B68A990061C3E9 /* VotePreferencesToggleCell.swift */ = {isa = PBXFileReference; lastKnownFileType = sourcecode.swift; path = VotePreferencesToggleCell.swift; sourceTree = "<group>"; };
		2789E99124B68B310061C3E9 /* VotePreferencesDelegateCell.swift */ = {isa = PBXFileReference; lastKnownFileType = sourcecode.swift; path = VotePreferencesDelegateCell.swift; sourceTree = "<group>"; };
		27B22B2824BF0C1D005DF376 /* CommentListViewController.swift */ = {isa = PBXFileReference; lastKnownFileType = sourcecode.swift; path = CommentListViewController.swift; sourceTree = "<group>"; };
		27B22B2A24BF0C26005DF376 /* CommentList.storyboard */ = {isa = PBXFileReference; lastKnownFileType = file.storyboard; path = CommentList.storyboard; sourceTree = "<group>"; };
		27B22B2C24BF0CC3005DF376 /* CommentCell.swift */ = {isa = PBXFileReference; lastKnownFileType = sourcecode.swift; path = CommentCell.swift; sourceTree = "<group>"; };
		27B22B3124BFC692005DF376 /* ProposalCommentsDataController.swift */ = {isa = PBXFileReference; lastKnownFileType = sourcecode.swift; path = ProposalCommentsDataController.swift; sourceTree = "<group>"; };
		27B22B3924D2382C005DF376 /* VoteDelegationManager.swift */ = {isa = PBXFileReference; lastKnownFileType = sourcecode.swift; path = VoteDelegationManager.swift; sourceTree = "<group>"; };
		27B22B3B24D23CD2005DF376 /* ProfileSearch.storyboard */ = {isa = PBXFileReference; lastKnownFileType = file.storyboard; path = ProfileSearch.storyboard; sourceTree = "<group>"; };
		27B22B3D24D23CE7005DF376 /* ProfileSearchViewController.swift */ = {isa = PBXFileReference; lastKnownFileType = sourcecode.swift; path = ProfileSearchViewController.swift; sourceTree = "<group>"; };
		27B22B3F24D23D87005DF376 /* ProfileSearchResultCell.swift */ = {isa = PBXFileReference; lastKnownFileType = sourcecode.swift; path = ProfileSearchResultCell.swift; sourceTree = "<group>"; };
		27B22B4124D7B398005DF376 /* ProposalVotesDataController.swift */ = {isa = PBXFileReference; fileEncoding = 4; lastKnownFileType = sourcecode.swift; path = ProposalVotesDataController.swift; sourceTree = "<group>"; };
		27B22B4324D7DC24005DF376 /* VoterList.storyboard */ = {isa = PBXFileReference; lastKnownFileType = file.storyboard; path = VoterList.storyboard; sourceTree = "<group>"; };
		27B22B4524D7DC2E005DF376 /* VoterListViewController.swift */ = {isa = PBXFileReference; lastKnownFileType = sourcecode.swift; path = VoterListViewController.swift; sourceTree = "<group>"; };
		27B22B4724D7DDD2005DF376 /* ProposalVoterCell.swift */ = {isa = PBXFileReference; lastKnownFileType = sourcecode.swift; path = ProposalVoterCell.swift; sourceTree = "<group>"; };
		27B22B4924D7EEC0005DF376 /* MyProfileController.swift */ = {isa = PBXFileReference; lastKnownFileType = sourcecode.swift; path = MyProfileController.swift; sourceTree = "<group>"; };
		27B22B4D24D929EB005DF376 /* UIColor+Helpers.swift */ = {isa = PBXFileReference; lastKnownFileType = sourcecode.swift; path = "UIColor+Helpers.swift"; sourceTree = "<group>"; };
		27B22B5024D93505005DF376 /* ProposalAmendment.swift */ = {isa = PBXFileReference; lastKnownFileType = sourcecode.swift; path = ProposalAmendment.swift; sourceTree = "<group>"; };
		27B22B5224D9356C005DF376 /* ProposalAmendmentDataController.swift */ = {isa = PBXFileReference; lastKnownFileType = sourcecode.swift; path = ProposalAmendmentDataController.swift; sourceTree = "<group>"; };
		27B22B5524D93760005DF376 /* GradientView.swift */ = {isa = PBXFileReference; fileEncoding = 4; lastKnownFileType = sourcecode.swift; path = GradientView.swift; sourceTree = "<group>"; };
		27B22B5A24D93978005DF376 /* ProfileIconListView.swift */ = {isa = PBXFileReference; fileEncoding = 4; lastKnownFileType = sourcecode.swift; path = ProfileIconListView.swift; sourceTree = "<group>"; };
		27B22B5C24D93988005DF376 /* ProfileIconCollectionCell.swift */ = {isa = PBXFileReference; lastKnownFileType = sourcecode.swift; path = ProfileIconCollectionCell.swift; sourceTree = "<group>"; };
		27B22B5E24D9399C005DF376 /* ProfileIconCollectionCell.xib */ = {isa = PBXFileReference; lastKnownFileType = file.xib; path = ProfileIconCollectionCell.xib; sourceTree = "<group>"; };
		27B22B6124D93FEA005DF376 /* AmendmentListViewController.swift */ = {isa = PBXFileReference; lastKnownFileType = sourcecode.swift; path = AmendmentListViewController.swift; sourceTree = "<group>"; };
		27B22B6324D94025005DF376 /* AmendmentCell.swift */ = {isa = PBXFileReference; lastKnownFileType = sourcecode.swift; path = AmendmentCell.swift; sourceTree = "<group>"; };
		27B22B6524D94077005DF376 /* AmendmentList.storyboard */ = {isa = PBXFileReference; lastKnownFileType = file.storyboard; path = AmendmentList.storyboard; sourceTree = "<group>"; };
		27F8837D24E3B92B00B216D2 /* CreateAmendment.storyboard */ = {isa = PBXFileReference; lastKnownFileType = file.storyboard; path = CreateAmendment.storyboard; sourceTree = "<group>"; };
		27F8837F24E3B93C00B216D2 /* CreateAmendmentViewController.swift */ = {isa = PBXFileReference; lastKnownFileType = sourcecode.swift; path = CreateAmendmentViewController.swift; sourceTree = "<group>"; };
		27F8838424E7914700B216D2 /* TeamListDataController.swift */ = {isa = PBXFileReference; lastKnownFileType = sourcecode.swift; path = TeamListDataController.swift; sourceTree = "<group>"; };
		27F8838624E7917A00B216D2 /* Team.swift */ = {isa = PBXFileReference; lastKnownFileType = sourcecode.swift; path = Team.swift; sourceTree = "<group>"; };
		27F8838824E791A100B216D2 /* TeamDetail.swift */ = {isa = PBXFileReference; lastKnownFileType = sourcecode.swift; path = TeamDetail.swift; sourceTree = "<group>"; };
		27F883A124E798CE00B216D2 /* TeamList.storyboard */ = {isa = PBXFileReference; fileEncoding = 4; lastKnownFileType = file.storyboard; path = TeamList.storyboard; sourceTree = "<group>"; };
		27F883A224E798CE00B216D2 /* TeamListViewController.swift */ = {isa = PBXFileReference; fileEncoding = 4; lastKnownFileType = sourcecode.swift; path = TeamListViewController.swift; sourceTree = "<group>"; };
		27F883A324E798CE00B216D2 /* TeamListCell.swift */ = {isa = PBXFileReference; fileEncoding = 4; lastKnownFileType = sourcecode.swift; path = TeamListCell.swift; sourceTree = "<group>"; };
		27F883A524E798CE00B216D2 /* TeamDetailBodyCell.swift */ = {isa = PBXFileReference; fileEncoding = 4; lastKnownFileType = sourcecode.swift; path = TeamDetailBodyCell.swift; sourceTree = "<group>"; };
		27F883A624E798CE00B216D2 /* TeamDetailViewController.swift */ = {isa = PBXFileReference; fileEncoding = 4; lastKnownFileType = sourcecode.swift; path = TeamDetailViewController.swift; sourceTree = "<group>"; };
		27F883A724E798CE00B216D2 /* TeamDetailTitleCell.swift */ = {isa = PBXFileReference; fileEncoding = 4; lastKnownFileType = sourcecode.swift; path = TeamDetailTitleCell.swift; sourceTree = "<group>"; };
		27F883A824E798CE00B216D2 /* TeamDetail.storyboard */ = {isa = PBXFileReference; fileEncoding = 4; lastKnownFileType = file.storyboard; path = TeamDetail.storyboard; sourceTree = "<group>"; };
		27F883B124E79D7100B216D2 /* TeamImageCell.swift */ = {isa = PBXFileReference; fileEncoding = 4; lastKnownFileType = sourcecode.swift; path = TeamImageCell.swift; sourceTree = "<group>"; };
		27F883B224E79D7100B216D2 /* TeamInputCell.swift */ = {isa = PBXFileReference; fileEncoding = 4; lastKnownFileType = sourcecode.swift; path = TeamInputCell.swift; sourceTree = "<group>"; };
		27F883B324E79D7100B216D2 /* EditTeamViewController.swift */ = {isa = PBXFileReference; fileEncoding = 4; lastKnownFileType = sourcecode.swift; path = EditTeamViewController.swift; sourceTree = "<group>"; };
		27F883B424E79D7100B216D2 /* EditTeam.storyboard */ = {isa = PBXFileReference; fileEncoding = 4; lastKnownFileType = file.storyboard; path = EditTeam.storyboard; sourceTree = "<group>"; };
		27F883B924EA5C1700B216D2 /* TeamMemberStatus.swift */ = {isa = PBXFileReference; lastKnownFileType = sourcecode.swift; path = TeamMemberStatus.swift; sourceTree = "<group>"; };
		27F883BF24ECF5CA00B216D2 /* TeamListHeaderView.swift */ = {isa = PBXFileReference; lastKnownFileType = sourcecode.swift; path = TeamListHeaderView.swift; sourceTree = "<group>"; };
		27F883C124ECF60E00B216D2 /* TeamListHeaderView.xib */ = {isa = PBXFileReference; lastKnownFileType = file.xib; path = TeamListHeaderView.xib; sourceTree = "<group>"; };
		27F883C324ECFA3100B216D2 /* TeamActionStatus.swift */ = {isa = PBXFileReference; lastKnownFileType = sourcecode.swift; path = TeamActionStatus.swift; sourceTree = "<group>"; };
		27F883C724ED062700B216D2 /* TeamMemberListCell.swift */ = {isa = PBXFileReference; lastKnownFileType = sourcecode.swift; path = TeamMemberListCell.swift; sourceTree = "<group>"; };
		27F883C924ED075D00B216D2 /* TeamActionListCell.swift */ = {isa = PBXFileReference; lastKnownFileType = sourcecode.swift; path = TeamActionListCell.swift; sourceTree = "<group>"; };
		27F883D424EDD94400B216D2 /* TeamMembers.storyboard */ = {isa = PBXFileReference; fileEncoding = 4; lastKnownFileType = file.storyboard; path = TeamMembers.storyboard; sourceTree = "<group>"; };
		27F883D524EDD94400B216D2 /* TeamMembersViewController.swift */ = {isa = PBXFileReference; fileEncoding = 4; lastKnownFileType = sourcecode.swift; path = TeamMembersViewController.swift; sourceTree = "<group>"; };
		27F883D624EDD94400B216D2 /* TeamMemberCell.swift */ = {isa = PBXFileReference; fileEncoding = 4; lastKnownFileType = sourcecode.swift; path = TeamMemberCell.swift; sourceTree = "<group>"; };
		27F883DB24EDD98600B216D2 /* TeamActionsViewController.swift */ = {isa = PBXFileReference; lastKnownFileType = sourcecode.swift; path = TeamActionsViewController.swift; sourceTree = "<group>"; };
		27F883DD24EDD99200B216D2 /* TeamActions.storyboard */ = {isa = PBXFileReference; lastKnownFileType = file.storyboard; path = TeamActions.storyboard; sourceTree = "<group>"; };
		27F883DF24EDD9CD00B216D2 /* TeamActionCell.swift */ = {isa = PBXFileReference; lastKnownFileType = sourcecode.swift; path = TeamActionCell.swift; sourceTree = "<group>"; };
		27F883E124EDDF0700B216D2 /* EditActionViewController.swift */ = {isa = PBXFileReference; lastKnownFileType = sourcecode.swift; path = EditActionViewController.swift; sourceTree = "<group>"; };
		27F883E324EDDF1D00B216D2 /* EditAction.storyboard */ = {isa = PBXFileReference; lastKnownFileType = file.storyboard; path = EditAction.storyboard; sourceTree = "<group>"; };
		27F883E624F5241F00B216D2 /* KrakenIconFont.swift */ = {isa = PBXFileReference; fileEncoding = 4; lastKnownFileType = sourcecode.swift; path = KrakenIconFont.swift; sourceTree = "<group>"; };
		27F883E924F5242A00B216D2 /* Kraken.ttf */ = {isa = PBXFileReference; lastKnownFileType = file; path = Kraken.ttf; sourceTree = "<group>"; };
		27F883ED24F6613100B216D2 /* UIImageView+Helpers.swift */ = {isa = PBXFileReference; lastKnownFileType = sourcecode.swift; path = "UIImageView+Helpers.swift"; sourceTree = "<group>"; };
		27F883EF24F6616E00B216D2 /* UIBarItem+Helpers.swift */ = {isa = PBXFileReference; lastKnownFileType = sourcecode.swift; path = "UIBarItem+Helpers.swift"; sourceTree = "<group>"; };
		423C966D23C1FD525E726078 /* Pods-Decidim.debug.xcconfig */ = {isa = PBXFileReference; includeInIndex = 1; lastKnownFileType = text.xcconfig; name = "Pods-Decidim.debug.xcconfig"; path = "Target Support Files/Pods-Decidim/Pods-Decidim.debug.xcconfig"; sourceTree = "<group>"; };
		602F4C9258A82B631512CD10 /* Pods-Decidim.release.xcconfig */ = {isa = PBXFileReference; includeInIndex = 1; lastKnownFileType = text.xcconfig; name = "Pods-Decidim.release.xcconfig"; path = "Target Support Files/Pods-Decidim/Pods-Decidim.release.xcconfig"; sourceTree = "<group>"; };
		78372889BD54A1A80A247D45 /* libPods-DecidimTests.a */ = {isa = PBXFileReference; explicitFileType = archive.ar; includeInIndex = 0; path = "libPods-DecidimTests.a"; sourceTree = BUILT_PRODUCTS_DIR; };
		7CA16C195D6656FCF5B77C8D /* Pods-DecidimTests.debug.xcconfig */ = {isa = PBXFileReference; includeInIndex = 1; lastKnownFileType = text.xcconfig; name = "Pods-DecidimTests.debug.xcconfig"; path = "Target Support Files/Pods-DecidimTests/Pods-DecidimTests.debug.xcconfig"; sourceTree = "<group>"; };
		FDFEDBE9A978436FF9E7BA6E /* libPods-Decidim.a */ = {isa = PBXFileReference; explicitFileType = archive.ar; includeInIndex = 0; path = "libPods-Decidim.a"; sourceTree = BUILT_PRODUCTS_DIR; };
/* End PBXFileReference section */

/* Begin PBXFrameworksBuildPhase section */
		270B26C2247B6A4A001804D6 /* Frameworks */ = {
			isa = PBXFrameworksBuildPhase;
			buildActionMask = 2147483647;
			files = (
				B3A05DC195696C9BC7A4E7C2 /* libPods-Decidim.a in Frameworks */,
			);
			runOnlyForDeploymentPostprocessing = 0;
		};
		270B26E0247BA178001804D6 /* Frameworks */ = {
			isa = PBXFrameworksBuildPhase;
			buildActionMask = 2147483647;
			files = (
				AB155E568CA52D533F89AC3B /* libPods-DecidimTests.a in Frameworks */,
			);
			runOnlyForDeploymentPostprocessing = 0;
		};
/* End PBXFrameworksBuildPhase section */

/* Begin PBXGroup section */
		270B26BC247B6A4A001804D6 = {
			isa = PBXGroup;
			children = (
				270B26C7247B6A4A001804D6 /* Decidim */,
				270B26E4247BA178001804D6 /* DecidimTests */,
				270B26C6247B6A4A001804D6 /* Products */,
				A87A557AE0ED32245DD0D56A /* Pods */,
				B6018C5B8691F4AC559F9E56 /* Frameworks */,
			);
			sourceTree = "<group>";
		};
		270B26C6247B6A4A001804D6 /* Products */ = {
			isa = PBXGroup;
			children = (
				270B26C5247B6A4A001804D6 /* Decidim.app */,
				270B26E3247BA178001804D6 /* DecidimTests.xctest */,
			);
			name = Products;
			sourceTree = "<group>";
		};
		270B26C7247B6A4A001804D6 /* Decidim */ = {
			isa = PBXGroup;
			children = (
				270B26C8247B6A4A001804D6 /* AppDelegate.swift */,
				270B26CA247B6A4A001804D6 /* SceneDelegate.swift */,
				270B26D1247B6A4B001804D6 /* Assets.xcassets */,
				270B26D6247B6A4B001804D6 /* Info.plist */,
				270B26EF247BC1D5001804D6 /* GraphAPI */,
				2739747724AB285D00CA16A3 /* Helpers */,
				27F883E524F5241F00B216D2 /* IconFont */,
				2756A6BE24985A530023DC91 /* Model */,
				270B26DC247B9F86001804D6 /* Network */,
				27F883E824F5242A00B216D2 /* Resources */,
				2756A6AC249708DE0023DC91 /* Storyboards */,
				2756A6C724985D280023DC91 /* UI */,
			);
			path = Decidim;
			sourceTree = "<group>";
		};
		270B26DC247B9F86001804D6 /* Network */ = {
			isa = PBXGroup;
			children = (
				270B26DD247B9F9E001804D6 /* GraphRequest.swift */,
				270B271B2495FAC6001804D6 /* HTTPRequest.swift */,
			);
			path = Network;
			sourceTree = "<group>";
		};
		270B26E4247BA178001804D6 /* DecidimTests */ = {
			isa = PBXGroup;
			children = (
				270B26E7247BA178001804D6 /* Info.plist */,
				270B26E5247BA178001804D6 /* GraphRequestTests.swift */,
				2756A6BC2498588C0023DC91 /* HTTPRequestTests.swift */,
			);
			path = DecidimTests;
			sourceTree = "<group>";
		};
		270B26EF247BC1D5001804D6 /* GraphAPI */ = {
			isa = PBXGroup;
			children = (
				270B26F6247BC893001804D6 /* GeneratedSource */,
			);
			path = GraphAPI;
			sourceTree = "<group>";
		};
		270B26F6247BC893001804D6 /* GeneratedSource */ = {
			isa = PBXGroup;
			children = (
				270B26F7247BC893001804D6 /* AssemblyTypes.graphql.swift */,
				270B26F8247BC893001804D6 /* Types.graphql.swift */,
				270B26F9247BC893001804D6 /* Version.graphql.swift */,
			);
			path = GeneratedSource;
			sourceTree = "<group>";
		};
		2717F46424DAA99200189F7C /* Voting */ = {
			isa = PBXGroup;
			children = (
				2717F46524DAA9A600189F7C /* VotingOptionsView.swift */,
				2717F46724DAA9C200189F7C /* VotingOptionCell.swift */,
				2717F46924DAA9DB00189F7C /* VotingOptionCell.xib */,
			);
			path = Voting;
			sourceTree = "<group>";
		};
		2717F46D24DBDDC000189F7C /* Registration */ = {
			isa = PBXGroup;
			children = (
				2717F47024DBDE6800189F7C /* Registration.storyboard */,
				2717F46E24DBDDD200189F7C /* RegistrationViewController.swift */,
			);
			path = Registration;
			sourceTree = "<group>";
		};
		2717F47624E0C79000189F7C /* Proposal Editing */ = {
			isa = PBXGroup;
			children = (
				2717F47724E0C79000189F7C /* EditProposal.storyboard */,
				2717F47B24E0C79000189F7C /* EditProposalViewController.swift */,
				2717F47824E0C79000189F7C /* ProposalImageCell.swift */,
				2717F47924E0C79000189F7C /* ProposalDatePickerCell.swift */,
				2717F47A24E0C79000189F7C /* ProposalInputCell.swift */,
			);
			path = "Proposal Editing";
			sourceTree = "<group>";
		};
		2739747724AB285D00CA16A3 /* Helpers */ = {
			isa = PBXGroup;
			children = (
				2739747824AB287000CA16A3 /* Date+Helpers.swift */,
				27F883EF24F6616E00B216D2 /* UIBarItem+Helpers.swift */,
				2717F46B24DAAFBE00189F7C /* UIButton+Helpers.swift */,
				27B22B4D24D929EB005DF376 /* UIColor+Helpers.swift */,
				27F883ED24F6613100B216D2 /* UIImageView+Helpers.swift */,
				2789E97C24B5BD6A0061C3E9 /* UIView+Rounded.swift */,
			);
			path = Helpers;
			sourceTree = "<group>";
		};
		2739747A24B568D300CA16A3 /* Proposal Detail */ = {
			isa = PBXGroup;
			children = (
				2739747D24B5691B00CA16A3 /* ProposalDetail.storyboard */,
				2739748924B5A08F00CA16A3 /* ProposalDetailAmendmentsCell.swift */,
				2739748724B5A07600CA16A3 /* ProposalDetailAuthorCell.swift */,
				2739748524B5A05E00CA16A3 /* ProposalDetailBodyCell.swift */,
				2739748324B5A03200CA16A3 /* ProposalDetailEngagementCell.swift */,
				2739748124B5A01400CA16A3 /* ProposalDetailTitleCell.swift */,
				2739747B24B568EF00CA16A3 /* ProposalDetailViewController.swift */,
			);
			path = "Proposal Detail";
			sourceTree = "<group>";
		};
		2756A6AC249708DE0023DC91 /* Storyboards */ = {
			isa = PBXGroup;
			children = (
				2756A6AD249708DE0023DC91 /* LaunchScreen.storyboard */,
				2756A6AF249708DE0023DC91 /* Main.storyboard */,
			);
			path = Storyboards;
			sourceTree = "<group>";
		};
		2756A6BE24985A530023DC91 /* Model */ = {
			isa = PBXGroup;
			children = (
				27B22B4F24D934F6005DF376 /* Amendments */,
				27B22B2E24BFC676005DF376 /* Comments */,
				2739746F24AB1DED00CA16A3 /* NetworkDataController.swift */,
				2756A6DA249861560023DC91 /* Profile */,
				2756A6D6249861560023DC91 /* Proposal */,
				27F8838324E7913200B216D2 /* Teams */,
				27B22B3624D23823005DF376 /* Voting */,
			);
			path = Model;
			sourceTree = "<group>";
		};
		2756A6C724985D280023DC91 /* UI */ = {
			isa = PBXGroup;
			children = (
				27B22B2724BF0C13005DF376 /* Comment List */,
				27B22B5424D93751005DF376 /* Generic */,
				2756A6C824985D280023DC91 /* ViewController.swift */,
				2756A6CB24985D280023DC91 /* Profile */,
				27B22B6024D93FCE005DF376 /* Proposal Amendments */,
				2739747A24B568D300CA16A3 /* Proposal Detail */,
				2717F47624E0C79000189F7C /* Proposal Editing */,
				2756A6C924985D280023DC91 /* Proposal List */,
				2717F46D24DBDDC000189F7C /* Registration */,
				27F883DA24EDD96900B216D2 /* Team Actions */,
				27F883A424E798CE00B216D2 /* Team Detail */,
				27F883B024E79D7100B216D2 /* Team Editing */,
				27F883A024E798CE00B216D2 /* Team List */,
				27F883D324EDD94400B216D2 /* Team Members */,
				2789E98224B67FD00061C3E9 /* Voting */,
			);
			path = UI;
			sourceTree = "<group>";
		};
		2756A6C924985D280023DC91 /* Proposal List */ = {
			isa = PBXGroup;
			children = (
				2756A6E2249861E30023DC91 /* ProposalList.storyboard */,
				2739747524AB267B00CA16A3 /* ProposalListCell.swift */,
				2756A6CA24985D280023DC91 /* ProposalListViewController.swift */,
			);
			path = "Proposal List";
			sourceTree = "<group>";
		};
		2756A6CB24985D280023DC91 /* Profile */ = {
			isa = PBXGroup;
			children = (
				2756A6E0249861DE0023DC91 /* Profile.storyboard */,
				2756A6D0249860920023DC91 /* ProfileNameCell.swift */,
				2756A6D22498609D0023DC91 /* ProfilePasswordCell.swift */,
				2756A6D4249860AC0023DC91 /* ProfilePreferencesCell.swift */,
				2756A6CC24985D280023DC91 /* ProfileViewController.swift */,
				2789E98024B67D610061C3E9 /* ProfilePassword.storyboard */,
				2756A6E4249868C60023DC91 /* ProfilePasswordViewController.swift */,
				2717F47224DBE41100189F7C /* ProfileRegisterCell.swift */,
				27B22B3B24D23CD2005DF376 /* ProfileSearch.storyboard */,
				27B22B3F24D23D87005DF376 /* ProfileSearchResultCell.swift */,
				27B22B3D24D23CE7005DF376 /* ProfileSearchViewController.swift */,
			);
			path = Profile;
			sourceTree = "<group>";
		};
		2756A6D6249861560023DC91 /* Proposal */ = {
			isa = PBXGroup;
			children = (
				2756A6D7249861560023DC91 /* ProposalVote.swift */,
				2756A6D8249861560023DC91 /* Proposal.swift */,
				2756A6D9249861560023DC91 /* ProposalComment.swift */,
				2739748D24B5A23E00CA16A3 /* ProposalDetail.swift */,
				2739747324AB1FF400CA16A3 /* PublicProposalDataController.swift */,
				2739748F24B5A30E00CA16A3 /* ProposalDetailDataController.swift */,
			);
			path = Proposal;
			sourceTree = "<group>";
		};
		2756A6DA249861560023DC91 /* Profile */ = {
			isa = PBXGroup;
			children = (
				27B22B4924D7EEC0005DF376 /* MyProfileController.swift */,
				2756A6DE2498615D0023DC91 /* ProfileInfo.swift */,
				2739747124AB1E0300CA16A3 /* ProfileInfoDataController.swift */,
			);
			path = Profile;
			sourceTree = "<group>";
		};
		2789E98224B67FD00061C3E9 /* Voting */ = {
			isa = PBXGroup;
			children = (
				2789E98724B680BA0061C3E9 /* ProposalVoteCell.swift */,
				27B22B4724D7DDD2005DF376 /* ProposalVoterCell.swift */,
				2789E98324B67FDE0061C3E9 /* VoteList.storyboard */,
				2789E98524B67FF50061C3E9 /* VoteListViewController.swift */,
				2789E98D24B689CF0061C3E9 /* VotePreferences.storyboard */,
				2789E98B24B689A60061C3E9 /* VotePreferencesViewController.swift */,
				2789E98F24B68A990061C3E9 /* VotePreferencesToggleCell.swift */,
				2789E99124B68B310061C3E9 /* VotePreferencesDelegateCell.swift */,
				27B22B4324D7DC24005DF376 /* VoterList.storyboard */,
				27B22B4524D7DC2E005DF376 /* VoterListViewController.swift */,
			);
			path = Voting;
			sourceTree = "<group>";
		};
		27B22B2724BF0C13005DF376 /* Comment List */ = {
			isa = PBXGroup;
			children = (
				2717F47424E0BC4600189F7C /* CommentCell.xib */,
				27B22B2C24BF0CC3005DF376 /* CommentCell.swift */,
				27B22B2A24BF0C26005DF376 /* CommentList.storyboard */,
				27B22B2824BF0C1D005DF376 /* CommentListViewController.swift */,
			);
			path = "Comment List";
			sourceTree = "<group>";
		};
		27B22B2E24BFC676005DF376 /* Comments */ = {
			isa = PBXGroup;
			children = (
				27B22B3124BFC692005DF376 /* ProposalCommentsDataController.swift */,
			);
			path = Comments;
			sourceTree = "<group>";
		};
		27B22B3624D23823005DF376 /* Voting */ = {
			isa = PBXGroup;
			children = (
				27B22B4124D7B398005DF376 /* ProposalVotesDataController.swift */,
				27B22B3924D2382C005DF376 /* VoteDelegationManager.swift */,
			);
			path = Voting;
			sourceTree = "<group>";
		};
		27B22B4F24D934F6005DF376 /* Amendments */ = {
			isa = PBXGroup;
			children = (
				27F8837D24E3B92B00B216D2 /* CreateAmendment.storyboard */,
				27F8837F24E3B93C00B216D2 /* CreateAmendmentViewController.swift */,
				27B22B5024D93505005DF376 /* ProposalAmendment.swift */,
				27B22B5224D9356C005DF376 /* ProposalAmendmentDataController.swift */,
			);
			path = Amendments;
			sourceTree = "<group>";
		};
		27B22B5424D93751005DF376 /* Generic */ = {
			isa = PBXGroup;
			children = (
				27B22B5524D93760005DF376 /* GradientView.swift */,
				27B22B5924D93978005DF376 /* Profile Info */,
				2717F46424DAA99200189F7C /* Voting */,
			);
			path = Generic;
			sourceTree = "<group>";
		};
		27B22B5924D93978005DF376 /* Profile Info */ = {
			isa = PBXGroup;
			children = (
				27B22B5C24D93988005DF376 /* ProfileIconCollectionCell.swift */,
				27B22B5E24D9399C005DF376 /* ProfileIconCollectionCell.xib */,
				27B22B5A24D93978005DF376 /* ProfileIconListView.swift */,
			);
			path = "Profile Info";
			sourceTree = "<group>";
		};
		27B22B6024D93FCE005DF376 /* Proposal Amendments */ = {
			isa = PBXGroup;
			children = (
				27B22B6324D94025005DF376 /* AmendmentCell.swift */,
				27B22B6524D94077005DF376 /* AmendmentList.storyboard */,
				27B22B6124D93FEA005DF376 /* AmendmentListViewController.swift */,
			);
			path = "Proposal Amendments";
			sourceTree = "<group>";
		};
		27F8838324E7913200B216D2 /* Teams */ = {
			isa = PBXGroup;
			children = (
				27F8838624E7917A00B216D2 /* Team.swift */,
				27F8838824E791A100B216D2 /* TeamDetail.swift */,
				27F8838424E7914700B216D2 /* TeamListDataController.swift */,
			);
			path = Teams;
			sourceTree = "<group>";
		};
		27F883A024E798CE00B216D2 /* Team List */ = {
			isa = PBXGroup;
			children = (
				27F883A124E798CE00B216D2 /* TeamList.storyboard */,
				27F883A224E798CE00B216D2 /* TeamListViewController.swift */,
				27F883A324E798CE00B216D2 /* TeamListCell.swift */,
				27F883C124ECF60E00B216D2 /* TeamListHeaderView.xib */,
				27F883BF24ECF5CA00B216D2 /* TeamListHeaderView.swift */,
			);
			path = "Team List";
			sourceTree = "<group>";
		};
		27F883A424E798CE00B216D2 /* Team Detail */ = {
			isa = PBXGroup;
			children = (
				27F883C924ED075D00B216D2 /* TeamActionListCell.swift */,
				27F883A524E798CE00B216D2 /* TeamDetailBodyCell.swift */,
				27F883A624E798CE00B216D2 /* TeamDetailViewController.swift */,
				27F883A724E798CE00B216D2 /* TeamDetailTitleCell.swift */,
				27F883A824E798CE00B216D2 /* TeamDetail.storyboard */,
				27F883C724ED062700B216D2 /* TeamMemberListCell.swift */,
			);
			path = "Team Detail";
			sourceTree = "<group>";
		};
		27F883B024E79D7100B216D2 /* Team Editing */ = {
			isa = PBXGroup;
			children = (
				27F883B124E79D7100B216D2 /* TeamImageCell.swift */,
				27F883B224E79D7100B216D2 /* TeamInputCell.swift */,
				27F883C324ECFA3100B216D2 /* TeamActionStatus.swift */,
				27F883B924EA5C1700B216D2 /* TeamMemberStatus.swift */,
				27F883B324E79D7100B216D2 /* EditTeamViewController.swift */,
				27F883B424E79D7100B216D2 /* EditTeam.storyboard */,
			);
			path = "Team Editing";
			sourceTree = "<group>";
		};
		27F883D324EDD94400B216D2 /* Team Members */ = {
			isa = PBXGroup;
			children = (
				27F883D424EDD94400B216D2 /* TeamMembers.storyboard */,
				27F883D524EDD94400B216D2 /* TeamMembersViewController.swift */,
				27F883D624EDD94400B216D2 /* TeamMemberCell.swift */,
			);
			path = "Team Members";
			sourceTree = "<group>";
		};
		27F883DA24EDD96900B216D2 /* Team Actions */ = {
			isa = PBXGroup;
			children = (
				27F883E324EDDF1D00B216D2 /* EditAction.storyboard */,
				27F883E124EDDF0700B216D2 /* EditActionViewController.swift */,
				27F883DD24EDD99200B216D2 /* TeamActions.storyboard */,
				27F883DB24EDD98600B216D2 /* TeamActionsViewController.swift */,
				27F883DF24EDD9CD00B216D2 /* TeamActionCell.swift */,
			);
			path = "Team Actions";
			sourceTree = "<group>";
		};
		27F883E524F5241F00B216D2 /* IconFont */ = {
			isa = PBXGroup;
			children = (
				27F883E624F5241F00B216D2 /* KrakenIconFont.swift */,
			);
			path = IconFont;
			sourceTree = "<group>";
		};
		27F883E824F5242A00B216D2 /* Resources */ = {
			isa = PBXGroup;
			children = (
				27F883E924F5242A00B216D2 /* Kraken.ttf */,
			);
			path = Resources;
			sourceTree = "<group>";
		};
		A87A557AE0ED32245DD0D56A /* Pods */ = {
			isa = PBXGroup;
			children = (
				423C966D23C1FD525E726078 /* Pods-Decidim.debug.xcconfig */,
				602F4C9258A82B631512CD10 /* Pods-Decidim.release.xcconfig */,
				7CA16C195D6656FCF5B77C8D /* Pods-DecidimTests.debug.xcconfig */,
				130A2E34CD122E01524D7078 /* Pods-DecidimTests.release.xcconfig */,
			);
			path = Pods;
			sourceTree = "<group>";
		};
		B6018C5B8691F4AC559F9E56 /* Frameworks */ = {
			isa = PBXGroup;
			children = (
				FDFEDBE9A978436FF9E7BA6E /* libPods-Decidim.a */,
				78372889BD54A1A80A247D45 /* libPods-DecidimTests.a */,
			);
			name = Frameworks;
			sourceTree = "<group>";
		};
/* End PBXGroup section */

/* Begin PBXNativeTarget section */
		270B26C4247B6A4A001804D6 /* Decidim */ = {
			isa = PBXNativeTarget;
			buildConfigurationList = 270B26D9247B6A4B001804D6 /* Build configuration list for PBXNativeTarget "Decidim" */;
			buildPhases = (
				BB105314F9C7B917EBA90131 /* [CP] Check Pods Manifest.lock */,
				270B26F5247BC869001804D6 /* Generate Apollo GraphQL API */,
				270B26C1247B6A4A001804D6 /* Sources */,
				270B26C2247B6A4A001804D6 /* Frameworks */,
				270B26C3247B6A4A001804D6 /* Resources */,
				5AAB020EC1BF151143D3FC99 /* [CP] Copy Pods Resources */,
			);
			buildRules = (
			);
			dependencies = (
			);
			name = Decidim;
			productName = Decidim;
			productReference = 270B26C5247B6A4A001804D6 /* Decidim.app */;
			productType = "com.apple.product-type.application";
		};
		270B26E2247BA178001804D6 /* DecidimTests */ = {
			isa = PBXNativeTarget;
			buildConfigurationList = 270B26EA247BA178001804D6 /* Build configuration list for PBXNativeTarget "DecidimTests" */;
			buildPhases = (
				3EFDFFDC648831F34CB3941E /* [CP] Check Pods Manifest.lock */,
				270B26DF247BA178001804D6 /* Sources */,
				270B26E0247BA178001804D6 /* Frameworks */,
				270B26E1247BA178001804D6 /* Resources */,
				7FE07C77EB5D4D579C43FD65 /* [CP] Copy Pods Resources */,
			);
			buildRules = (
			);
			dependencies = (
				270B26E9247BA178001804D6 /* PBXTargetDependency */,
			);
			name = DecidimTests;
			productName = DecidimTests;
			productReference = 270B26E3247BA178001804D6 /* DecidimTests.xctest */;
			productType = "com.apple.product-type.bundle.unit-test";
		};
/* End PBXNativeTarget section */

/* Begin PBXProject section */
		270B26BD247B6A4A001804D6 /* Project object */ = {
			isa = PBXProject;
			attributes = {
				LastSwiftUpdateCheck = 1130;
				LastUpgradeCheck = 1130;
				ORGANIZATIONNAME = "Kyle Donnelly";
				TargetAttributes = {
					270B26C4247B6A4A001804D6 = {
						CreatedOnToolsVersion = 11.3.1;
					};
					270B26E2247BA178001804D6 = {
						CreatedOnToolsVersion = 11.3.1;
						TestTargetID = 270B26C4247B6A4A001804D6;
					};
				};
			};
			buildConfigurationList = 270B26C0247B6A4A001804D6 /* Build configuration list for PBXProject "Decidim" */;
			compatibilityVersion = "Xcode 9.3";
			developmentRegion = en;
			hasScannedForEncodings = 0;
			knownRegions = (
				en,
				Base,
			);
			mainGroup = 270B26BC247B6A4A001804D6;
			productRefGroup = 270B26C6247B6A4A001804D6 /* Products */;
			projectDirPath = "";
			projectRoot = "";
			targets = (
				270B26C4247B6A4A001804D6 /* Decidim */,
				270B26E2247BA178001804D6 /* DecidimTests */,
			);
		};
/* End PBXProject section */

/* Begin PBXResourcesBuildPhase section */
		270B26C3247B6A4A001804D6 /* Resources */ = {
			isa = PBXResourcesBuildPhase;
			buildActionMask = 2147483647;
			files = (
				27B22B2B24BF0C26005DF376 /* CommentList.storyboard in Resources */,
				270B26D2247B6A4B001804D6 /* Assets.xcassets in Resources */,
				27F883E424EDDF1D00B216D2 /* EditAction.storyboard in Resources */,
				2789E98E24B689CF0061C3E9 /* VotePreferences.storyboard in Resources */,
				2756A6B0249708DE0023DC91 /* LaunchScreen.storyboard in Resources */,
				27B22B6624D94077005DF376 /* AmendmentList.storyboard in Resources */,
				27F883A924E798CE00B216D2 /* TeamList.storyboard in Resources */,
				27F8837E24E3B92B00B216D2 /* CreateAmendment.storyboard in Resources */,
				27F883C224ECF60E00B216D2 /* TeamListHeaderView.xib in Resources */,
				2717F46A24DAA9DB00189F7C /* VotingOptionCell.xib in Resources */,
				2756A6E3249861E30023DC91 /* ProposalList.storyboard in Resources */,
				2756A6E1249861DE0023DC91 /* Profile.storyboard in Resources */,
				27F883AF24E798CE00B216D2 /* TeamDetail.storyboard in Resources */,
				2717F47C24E0C79100189F7C /* EditProposal.storyboard in Resources */,
				2756A6B2249708DE0023DC91 /* Main.storyboard in Resources */,
				27F883B824E79D7100B216D2 /* EditTeam.storyboard in Resources */,
				2789E98424B67FDE0061C3E9 /* VoteList.storyboard in Resources */,
				27B22B5F24D9399C005DF376 /* ProfileIconCollectionCell.xib in Resources */,
				2717F47124DBDE6800189F7C /* Registration.storyboard in Resources */,
				2739747E24B5691B00CA16A3 /* ProposalDetail.storyboard in Resources */,
				27B22B4424D7DC24005DF376 /* VoterList.storyboard in Resources */,
				2717F47524E0BC4600189F7C /* CommentCell.xib in Resources */,
				27B22B3C24D23CD2005DF376 /* ProfileSearch.storyboard in Resources */,
				2789E98124B67D610061C3E9 /* ProfilePassword.storyboard in Resources */,
				27F883D724EDD94500B216D2 /* TeamMembers.storyboard in Resources */,
				27F883DE24EDD99200B216D2 /* TeamActions.storyboard in Resources */,
				27F883EA24F5242A00B216D2 /* Kraken.ttf in Resources */,
			);
			runOnlyForDeploymentPostprocessing = 0;
		};
		270B26E1247BA178001804D6 /* Resources */ = {
			isa = PBXResourcesBuildPhase;
			buildActionMask = 2147483647;
			files = (
			);
			runOnlyForDeploymentPostprocessing = 0;
		};
/* End PBXResourcesBuildPhase section */

/* Begin PBXShellScriptBuildPhase section */
		270B26F5247BC869001804D6 /* Generate Apollo GraphQL API */ = {
			isa = PBXShellScriptBuildPhase;
			buildActionMask = 2147483647;
			files = (
			);
			inputFileListPaths = (
			);
			inputPaths = (
			);
			name = "Generate Apollo GraphQL API";
			outputFileListPaths = (
			);
			outputPaths = (
			);
			runOnlyForDeploymentPostprocessing = 0;
			shellPath = /bin/sh;
			shellScript = "SCRIPT_PATH=\"${PODS_ROOT}/Apollo/scripts\"\ncd \"${SRCROOT}/${TARGET_NAME}\"\n\"${SCRIPT_PATH}\"/run-bundled-codegen.sh codegen:generate --target=swift --includes=GraphAPI/**/*.graphql --localSchemaFile=schema.json GraphAPI/GeneratedSource/\n";
		};
		3EFDFFDC648831F34CB3941E /* [CP] Check Pods Manifest.lock */ = {
			isa = PBXShellScriptBuildPhase;
			buildActionMask = 2147483647;
			files = (
			);
			inputFileListPaths = (
			);
			inputPaths = (
				"${PODS_PODFILE_DIR_PATH}/Podfile.lock",
				"${PODS_ROOT}/Manifest.lock",
			);
			name = "[CP] Check Pods Manifest.lock";
			outputFileListPaths = (
			);
			outputPaths = (
				"$(DERIVED_FILE_DIR)/Pods-DecidimTests-checkManifestLockResult.txt",
			);
			runOnlyForDeploymentPostprocessing = 0;
			shellPath = /bin/sh;
			shellScript = "diff \"${PODS_PODFILE_DIR_PATH}/Podfile.lock\" \"${PODS_ROOT}/Manifest.lock\" > /dev/null\nif [ $? != 0 ] ; then\n    # print error to STDERR\n    echo \"error: The sandbox is not in sync with the Podfile.lock. Run 'pod install' or update your CocoaPods installation.\" >&2\n    exit 1\nfi\n# This output is used by Xcode 'outputs' to avoid re-running this script phase.\necho \"SUCCESS\" > \"${SCRIPT_OUTPUT_FILE_0}\"\n";
			showEnvVarsInLog = 0;
		};
		5AAB020EC1BF151143D3FC99 /* [CP] Copy Pods Resources */ = {
			isa = PBXShellScriptBuildPhase;
			buildActionMask = 2147483647;
			files = (
			);
			inputFileListPaths = (
				"${PODS_ROOT}/Target Support Files/Pods-Decidim/Pods-Decidim-resources-${CONFIGURATION}-input-files.xcfilelist",
			);
			name = "[CP] Copy Pods Resources";
			outputFileListPaths = (
				"${PODS_ROOT}/Target Support Files/Pods-Decidim/Pods-Decidim-resources-${CONFIGURATION}-output-files.xcfilelist",
			);
			runOnlyForDeploymentPostprocessing = 0;
			shellPath = /bin/sh;
			shellScript = "\"${PODS_ROOT}/Target Support Files/Pods-Decidim/Pods-Decidim-resources.sh\"\n";
			showEnvVarsInLog = 0;
		};
		7FE07C77EB5D4D579C43FD65 /* [CP] Copy Pods Resources */ = {
			isa = PBXShellScriptBuildPhase;
			buildActionMask = 2147483647;
			files = (
			);
			inputFileListPaths = (
				"${PODS_ROOT}/Target Support Files/Pods-DecidimTests/Pods-DecidimTests-resources-${CONFIGURATION}-input-files.xcfilelist",
			);
			name = "[CP] Copy Pods Resources";
			outputFileListPaths = (
				"${PODS_ROOT}/Target Support Files/Pods-DecidimTests/Pods-DecidimTests-resources-${CONFIGURATION}-output-files.xcfilelist",
			);
			runOnlyForDeploymentPostprocessing = 0;
			shellPath = /bin/sh;
			shellScript = "\"${PODS_ROOT}/Target Support Files/Pods-DecidimTests/Pods-DecidimTests-resources.sh\"\n";
			showEnvVarsInLog = 0;
		};
		BB105314F9C7B917EBA90131 /* [CP] Check Pods Manifest.lock */ = {
			isa = PBXShellScriptBuildPhase;
			buildActionMask = 2147483647;
			files = (
			);
			inputFileListPaths = (
			);
			inputPaths = (
				"${PODS_PODFILE_DIR_PATH}/Podfile.lock",
				"${PODS_ROOT}/Manifest.lock",
			);
			name = "[CP] Check Pods Manifest.lock";
			outputFileListPaths = (
			);
			outputPaths = (
				"$(DERIVED_FILE_DIR)/Pods-Decidim-checkManifestLockResult.txt",
			);
			runOnlyForDeploymentPostprocessing = 0;
			shellPath = /bin/sh;
			shellScript = "diff \"${PODS_PODFILE_DIR_PATH}/Podfile.lock\" \"${PODS_ROOT}/Manifest.lock\" > /dev/null\nif [ $? != 0 ] ; then\n    # print error to STDERR\n    echo \"error: The sandbox is not in sync with the Podfile.lock. Run 'pod install' or update your CocoaPods installation.\" >&2\n    exit 1\nfi\n# This output is used by Xcode 'outputs' to avoid re-running this script phase.\necho \"SUCCESS\" > \"${SCRIPT_OUTPUT_FILE_0}\"\n";
			showEnvVarsInLog = 0;
		};
/* End PBXShellScriptBuildPhase section */

/* Begin PBXSourcesBuildPhase section */
		270B26C1247B6A4A001804D6 /* Sources */ = {
			isa = PBXSourcesBuildPhase;
			buildActionMask = 2147483647;
			files = (
				27F883C424ECFA3100B216D2 /* TeamActionStatus.swift in Sources */,
				2756A6D32498609D0023DC91 /* ProfilePasswordCell.swift in Sources */,
				2717F46624DAA9A600189F7C /* VotingOptionsView.swift in Sources */,
				27F883B524E79D7100B216D2 /* TeamImageCell.swift in Sources */,
				27B22B4224D7B399005DF376 /* ProposalVotesDataController.swift in Sources */,
				2739747024AB1DED00CA16A3 /* NetworkDataController.swift in Sources */,
				2756A6CE24985D280023DC91 /* ProposalListViewController.swift in Sources */,
				270B26C9247B6A4A001804D6 /* AppDelegate.swift in Sources */,
				2756A6DD249861560023DC91 /* ProposalComment.swift in Sources */,
				27B22B3E24D23CE8005DF376 /* ProfileSearchViewController.swift in Sources */,
				2789E99224B68B310061C3E9 /* VotePreferencesDelegateCell.swift in Sources */,
				2739747424AB1FF400CA16A3 /* PublicProposalDataController.swift in Sources */,
				27F883AD24E798CE00B216D2 /* TeamDetailViewController.swift in Sources */,
				270B26DE247B9F9E001804D6 /* GraphRequest.swift in Sources */,
				270B26FC247BC893001804D6 /* Version.graphql.swift in Sources */,
				27F883D924EDD94500B216D2 /* TeamMemberCell.swift in Sources */,
				2739748824B5A07600CA16A3 /* ProposalDetailAuthorCell.swift in Sources */,
				27B22B4E24D929EB005DF376 /* UIColor+Helpers.swift in Sources */,
				27B22B6424D94025005DF376 /* AmendmentCell.swift in Sources */,
				2756A6DB249861560023DC91 /* ProposalVote.swift in Sources */,
				27F883AB24E798CE00B216D2 /* TeamListCell.swift in Sources */,
				27B22B5124D93505005DF376 /* ProposalAmendment.swift in Sources */,
				27B22B4024D23D87005DF376 /* ProfileSearchResultCell.swift in Sources */,
				27F883C824ED062700B216D2 /* TeamMemberListCell.swift in Sources */,
				27B22B2D24BF0CC3005DF376 /* CommentCell.swift in Sources */,
				2756A6E5249868C60023DC91 /* ProfilePasswordViewController.swift in Sources */,
				2739747924AB287000CA16A3 /* Date+Helpers.swift in Sources */,
				27F883EE24F6613100B216D2 /* UIImageView+Helpers.swift in Sources */,
				2739747C24B568EF00CA16A3 /* ProposalDetailViewController.swift in Sources */,
				2756A6CD24985D280023DC91 /* ViewController.swift in Sources */,
				27F883E024EDD9CD00B216D2 /* TeamActionCell.swift in Sources */,
				27B22B6224D93FEA005DF376 /* AmendmentListViewController.swift in Sources */,
				2756A6D1249860920023DC91 /* ProfileNameCell.swift in Sources */,
				27F883E224EDDF0700B216D2 /* EditActionViewController.swift in Sources */,
				2717F47324DBE41100189F7C /* ProfileRegisterCell.swift in Sources */,
				27F8838024E3B93C00B216D2 /* CreateAmendmentViewController.swift in Sources */,
				2789E98624B67FF50061C3E9 /* VoteListViewController.swift in Sources */,
				27B22B4624D7DC2E005DF376 /* VoterListViewController.swift in Sources */,
				270B26FA247BC893001804D6 /* AssemblyTypes.graphql.swift in Sources */,
				2789E98824B680BA0061C3E9 /* ProposalVoteCell.swift in Sources */,
				27B22B5324D9356C005DF376 /* ProposalAmendmentDataController.swift in Sources */,
				270B271C2495FAC6001804D6 /* HTTPRequest.swift in Sources */,
				2717F48024E0C79100189F7C /* EditProposalViewController.swift in Sources */,
				27B22B5B24D93978005DF376 /* ProfileIconListView.swift in Sources */,
				2789E99024B68A990061C3E9 /* VotePreferencesToggleCell.swift in Sources */,
				2717F47D24E0C79100189F7C /* ProposalImageCell.swift in Sources */,
				2789E97D24B5BD6A0061C3E9 /* UIView+Rounded.swift in Sources */,
				27F8838524E7914700B216D2 /* TeamListDataController.swift in Sources */,
				2739748E24B5A23E00CA16A3 /* ProposalDetail.swift in Sources */,
				27F883B724E79D7100B216D2 /* EditTeamViewController.swift in Sources */,
				27F883F024F6616E00B216D2 /* UIBarItem+Helpers.swift in Sources */,
				27F8838724E7917A00B216D2 /* Team.swift in Sources */,
				27F883BA24EA5C1700B216D2 /* TeamMemberStatus.swift in Sources */,
				27B22B3A24D2382C005DF376 /* VoteDelegationManager.swift in Sources */,
				2739747224AB1E0300CA16A3 /* ProfileInfoDataController.swift in Sources */,
				27B22B4A24D7EEC0005DF376 /* MyProfileController.swift in Sources */,
				2756A6DF2498615D0023DC91 /* ProfileInfo.swift in Sources */,
				2717F46F24DBDDD200189F7C /* RegistrationViewController.swift in Sources */,
				27F883D824EDD94500B216D2 /* TeamMembersViewController.swift in Sources */,
				27B22B3224BFC692005DF376 /* ProposalCommentsDataController.swift in Sources */,
				2756A6D5249860AC0023DC91 /* ProfilePreferencesCell.swift in Sources */,
				27F883DC24EDD98600B216D2 /* TeamActionsViewController.swift in Sources */,
				2739749024B5A30E00CA16A3 /* ProposalDetailDataController.swift in Sources */,
				2739747624AB267B00CA16A3 /* ProposalListCell.swift in Sources */,
				2717F46824DAA9C200189F7C /* VotingOptionCell.swift in Sources */,
				2739748424B5A03200CA16A3 /* ProposalDetailEngagementCell.swift in Sources */,
				2789E98C24B689A60061C3E9 /* VotePreferencesViewController.swift in Sources */,
				27F883B624E79D7100B216D2 /* TeamInputCell.swift in Sources */,
				2739748A24B5A08F00CA16A3 /* ProposalDetailAmendmentsCell.swift in Sources */,
				27F883C024ECF5CA00B216D2 /* TeamListHeaderView.swift in Sources */,
				2717F46C24DAAFBE00189F7C /* UIButton+Helpers.swift in Sources */,
				27F883E724F5241F00B216D2 /* KrakenIconFont.swift in Sources */,
				27B22B5624D93760005DF376 /* GradientView.swift in Sources */,
				27F883AC24E798CE00B216D2 /* TeamDetailBodyCell.swift in Sources */,
				27B22B5D24D93988005DF376 /* ProfileIconCollectionCell.swift in Sources */,
				27F883AE24E798CE00B216D2 /* TeamDetailTitleCell.swift in Sources */,
				2756A6DC249861560023DC91 /* Proposal.swift in Sources */,
				27B22B2924BF0C1D005DF376 /* CommentListViewController.swift in Sources */,
				270B26FB247BC893001804D6 /* Types.graphql.swift in Sources */,
				2717F47F24E0C79100189F7C /* ProposalInputCell.swift in Sources */,
				27F8838924E791A100B216D2 /* TeamDetail.swift in Sources */,
				27F883CA24ED075D00B216D2 /* TeamActionListCell.swift in Sources */,
				27F883AA24E798CE00B216D2 /* TeamListViewController.swift in Sources */,
				27B22B4824D7DDD2005DF376 /* ProposalVoterCell.swift in Sources */,
				2739748624B5A05E00CA16A3 /* ProposalDetailBodyCell.swift in Sources */,
				2756A6CF24985D280023DC91 /* ProfileViewController.swift in Sources */,
				270B26CB247B6A4A001804D6 /* SceneDelegate.swift in Sources */,
				2739748224B5A01400CA16A3 /* ProposalDetailTitleCell.swift in Sources */,
				2717F47E24E0C79100189F7C /* ProposalDatePickerCell.swift in Sources */,
			);
			runOnlyForDeploymentPostprocessing = 0;
		};
		270B26DF247BA178001804D6 /* Sources */ = {
			isa = PBXSourcesBuildPhase;
			buildActionMask = 2147483647;
			files = (
				270B26E6247BA178001804D6 /* GraphRequestTests.swift in Sources */,
				2756A6BD2498588C0023DC91 /* HTTPRequestTests.swift in Sources */,
			);
			runOnlyForDeploymentPostprocessing = 0;
		};
/* End PBXSourcesBuildPhase section */

/* Begin PBXTargetDependency section */
		270B26E9247BA178001804D6 /* PBXTargetDependency */ = {
			isa = PBXTargetDependency;
			target = 270B26C4247B6A4A001804D6 /* Decidim */;
			targetProxy = 270B26E8247BA178001804D6 /* PBXContainerItemProxy */;
		};
/* End PBXTargetDependency section */

/* Begin XCBuildConfiguration section */
		270B26D7247B6A4B001804D6 /* Debug */ = {
			isa = XCBuildConfiguration;
			buildSettings = {
				ALWAYS_SEARCH_USER_PATHS = NO;
				CLANG_ANALYZER_NONNULL = YES;
				CLANG_ANALYZER_NUMBER_OBJECT_CONVERSION = YES_AGGRESSIVE;
				CLANG_CXX_LANGUAGE_STANDARD = "gnu++14";
				CLANG_CXX_LIBRARY = "libc++";
				CLANG_ENABLE_MODULES = YES;
				CLANG_ENABLE_OBJC_ARC = YES;
				CLANG_ENABLE_OBJC_WEAK = YES;
				CLANG_WARN_BLOCK_CAPTURE_AUTORELEASING = YES;
				CLANG_WARN_BOOL_CONVERSION = YES;
				CLANG_WARN_COMMA = YES;
				CLANG_WARN_CONSTANT_CONVERSION = YES;
				CLANG_WARN_DEPRECATED_OBJC_IMPLEMENTATIONS = YES;
				CLANG_WARN_DIRECT_OBJC_ISA_USAGE = YES_ERROR;
				CLANG_WARN_DOCUMENTATION_COMMENTS = YES;
				CLANG_WARN_EMPTY_BODY = YES;
				CLANG_WARN_ENUM_CONVERSION = YES;
				CLANG_WARN_INFINITE_RECURSION = YES;
				CLANG_WARN_INT_CONVERSION = YES;
				CLANG_WARN_NON_LITERAL_NULL_CONVERSION = YES;
				CLANG_WARN_OBJC_IMPLICIT_RETAIN_SELF = YES;
				CLANG_WARN_OBJC_LITERAL_CONVERSION = YES;
				CLANG_WARN_OBJC_ROOT_CLASS = YES_ERROR;
				CLANG_WARN_RANGE_LOOP_ANALYSIS = YES;
				CLANG_WARN_STRICT_PROTOTYPES = YES;
				CLANG_WARN_SUSPICIOUS_MOVE = YES;
				CLANG_WARN_UNGUARDED_AVAILABILITY = YES_AGGRESSIVE;
				CLANG_WARN_UNREACHABLE_CODE = YES;
				CLANG_WARN__DUPLICATE_METHOD_MATCH = YES;
				COPY_PHASE_STRIP = NO;
				DEBUG_INFORMATION_FORMAT = dwarf;
				ENABLE_STRICT_OBJC_MSGSEND = YES;
				ENABLE_TESTABILITY = YES;
				GCC_C_LANGUAGE_STANDARD = gnu11;
				GCC_DYNAMIC_NO_PIC = NO;
				GCC_NO_COMMON_BLOCKS = YES;
				GCC_OPTIMIZATION_LEVEL = 0;
				GCC_PREPROCESSOR_DEFINITIONS = (
					"DEBUG=1",
					"$(inherited)",
				);
				GCC_WARN_64_TO_32_BIT_CONVERSION = YES;
				GCC_WARN_ABOUT_RETURN_TYPE = YES_ERROR;
				GCC_WARN_UNDECLARED_SELECTOR = YES;
				GCC_WARN_UNINITIALIZED_AUTOS = YES_AGGRESSIVE;
				GCC_WARN_UNUSED_FUNCTION = YES;
				GCC_WARN_UNUSED_VARIABLE = YES;
				IPHONEOS_DEPLOYMENT_TARGET = 13.0;
				MTL_ENABLE_DEBUG_INFO = INCLUDE_SOURCE;
				MTL_FAST_MATH = YES;
				ONLY_ACTIVE_ARCH = YES;
				SDKROOT = iphoneos;
				SWIFT_ACTIVE_COMPILATION_CONDITIONS = DEBUG;
				SWIFT_OPTIMIZATION_LEVEL = "-Onone";
			};
			name = Debug;
		};
		270B26D8247B6A4B001804D6 /* Release */ = {
			isa = XCBuildConfiguration;
			buildSettings = {
				ALWAYS_SEARCH_USER_PATHS = NO;
				CLANG_ANALYZER_NONNULL = YES;
				CLANG_ANALYZER_NUMBER_OBJECT_CONVERSION = YES_AGGRESSIVE;
				CLANG_CXX_LANGUAGE_STANDARD = "gnu++14";
				CLANG_CXX_LIBRARY = "libc++";
				CLANG_ENABLE_MODULES = YES;
				CLANG_ENABLE_OBJC_ARC = YES;
				CLANG_ENABLE_OBJC_WEAK = YES;
				CLANG_WARN_BLOCK_CAPTURE_AUTORELEASING = YES;
				CLANG_WARN_BOOL_CONVERSION = YES;
				CLANG_WARN_COMMA = YES;
				CLANG_WARN_CONSTANT_CONVERSION = YES;
				CLANG_WARN_DEPRECATED_OBJC_IMPLEMENTATIONS = YES;
				CLANG_WARN_DIRECT_OBJC_ISA_USAGE = YES_ERROR;
				CLANG_WARN_DOCUMENTATION_COMMENTS = YES;
				CLANG_WARN_EMPTY_BODY = YES;
				CLANG_WARN_ENUM_CONVERSION = YES;
				CLANG_WARN_INFINITE_RECURSION = YES;
				CLANG_WARN_INT_CONVERSION = YES;
				CLANG_WARN_NON_LITERAL_NULL_CONVERSION = YES;
				CLANG_WARN_OBJC_IMPLICIT_RETAIN_SELF = YES;
				CLANG_WARN_OBJC_LITERAL_CONVERSION = YES;
				CLANG_WARN_OBJC_ROOT_CLASS = YES_ERROR;
				CLANG_WARN_RANGE_LOOP_ANALYSIS = YES;
				CLANG_WARN_STRICT_PROTOTYPES = YES;
				CLANG_WARN_SUSPICIOUS_MOVE = YES;
				CLANG_WARN_UNGUARDED_AVAILABILITY = YES_AGGRESSIVE;
				CLANG_WARN_UNREACHABLE_CODE = YES;
				CLANG_WARN__DUPLICATE_METHOD_MATCH = YES;
				COPY_PHASE_STRIP = NO;
				DEBUG_INFORMATION_FORMAT = "dwarf-with-dsym";
				ENABLE_NS_ASSERTIONS = NO;
				ENABLE_STRICT_OBJC_MSGSEND = YES;
				GCC_C_LANGUAGE_STANDARD = gnu11;
				GCC_NO_COMMON_BLOCKS = YES;
				GCC_WARN_64_TO_32_BIT_CONVERSION = YES;
				GCC_WARN_ABOUT_RETURN_TYPE = YES_ERROR;
				GCC_WARN_UNDECLARED_SELECTOR = YES;
				GCC_WARN_UNINITIALIZED_AUTOS = YES_AGGRESSIVE;
				GCC_WARN_UNUSED_FUNCTION = YES;
				GCC_WARN_UNUSED_VARIABLE = YES;
				IPHONEOS_DEPLOYMENT_TARGET = 13.0;
				MTL_ENABLE_DEBUG_INFO = NO;
				MTL_FAST_MATH = YES;
				SDKROOT = iphoneos;
				SWIFT_COMPILATION_MODE = wholemodule;
				SWIFT_OPTIMIZATION_LEVEL = "-O";
				VALIDATE_PRODUCT = YES;
			};
			name = Release;
		};
		270B26DA247B6A4B001804D6 /* Debug */ = {
			isa = XCBuildConfiguration;
			baseConfigurationReference = 423C966D23C1FD525E726078 /* Pods-Decidim.debug.xcconfig */;
			buildSettings = {
				ASSETCATALOG_COMPILER_APPICON_NAME = AppIcon;
				CODE_SIGN_STYLE = Automatic;
				INFOPLIST_FILE = Decidim/Info.plist;
				LD_RUNPATH_SEARCH_PATHS = (
					"$(inherited)",
					"@executable_path/Frameworks",
				);
				PRODUCT_BUNDLE_IDENTIFIER = com.cooperative4thecommunity.Decidim;
				PRODUCT_NAME = "$(TARGET_NAME)";
				STRIP_INSTALLED_PRODUCT = YES;
				SWIFT_VERSION = 5.0;
				TARGETED_DEVICE_FAMILY = "1,2";
			};
			name = Debug;
		};
		270B26DB247B6A4B001804D6 /* Release */ = {
			isa = XCBuildConfiguration;
			baseConfigurationReference = 602F4C9258A82B631512CD10 /* Pods-Decidim.release.xcconfig */;
			buildSettings = {
				ASSETCATALOG_COMPILER_APPICON_NAME = AppIcon;
				CODE_SIGN_STYLE = Automatic;
				INFOPLIST_FILE = Decidim/Info.plist;
				LD_RUNPATH_SEARCH_PATHS = (
					"$(inherited)",
					"@executable_path/Frameworks",
				);
				PRODUCT_BUNDLE_IDENTIFIER = com.cooperative4thecommunity.Decidim;
				PRODUCT_NAME = "$(TARGET_NAME)";
				STRIP_INSTALLED_PRODUCT = YES;
				SWIFT_VERSION = 5.0;
				TARGETED_DEVICE_FAMILY = "1,2";
			};
			name = Release;
		};
		270B26EB247BA178001804D6 /* Debug */ = {
			isa = XCBuildConfiguration;
			baseConfigurationReference = 7CA16C195D6656FCF5B77C8D /* Pods-DecidimTests.debug.xcconfig */;
			buildSettings = {
				BUNDLE_LOADER = "$(TEST_HOST)";
				CODE_SIGN_STYLE = Automatic;
				INFOPLIST_FILE = DecidimTests/Info.plist;
				LD_RUNPATH_SEARCH_PATHS = (
					"$(inherited)",
					"@executable_path/Frameworks",
					"@loader_path/Frameworks",
				);
				PRODUCT_BUNDLE_IDENTIFIER = com.cooperative4thecommunity.DecidimTests;
				PRODUCT_NAME = "$(TARGET_NAME)";
				STRIP_INSTALLED_PRODUCT = YES;
				SWIFT_VERSION = 5.0;
				TARGETED_DEVICE_FAMILY = "1,2";
				TEST_HOST = "$(BUILT_PRODUCTS_DIR)/Decidim.app/Decidim";
			};
			name = Debug;
		};
		270B26EC247BA178001804D6 /* Release */ = {
			isa = XCBuildConfiguration;
			baseConfigurationReference = 130A2E34CD122E01524D7078 /* Pods-DecidimTests.release.xcconfig */;
			buildSettings = {
				BUNDLE_LOADER = "$(TEST_HOST)";
				CODE_SIGN_STYLE = Automatic;
				INFOPLIST_FILE = DecidimTests/Info.plist;
				LD_RUNPATH_SEARCH_PATHS = (
					"$(inherited)",
					"@executable_path/Frameworks",
					"@loader_path/Frameworks",
				);
				PRODUCT_BUNDLE_IDENTIFIER = com.cooperative4thecommunity.DecidimTests;
				PRODUCT_NAME = "$(TARGET_NAME)";
				STRIP_INSTALLED_PRODUCT = YES;
				SWIFT_VERSION = 5.0;
				TARGETED_DEVICE_FAMILY = "1,2";
				TEST_HOST = "$(BUILT_PRODUCTS_DIR)/Decidim.app/Decidim";
			};
			name = Release;
		};
/* End XCBuildConfiguration section */

/* Begin XCConfigurationList section */
		270B26C0247B6A4A001804D6 /* Build configuration list for PBXProject "Decidim" */ = {
			isa = XCConfigurationList;
			buildConfigurations = (
				270B26D7247B6A4B001804D6 /* Debug */,
				270B26D8247B6A4B001804D6 /* Release */,
			);
			defaultConfigurationIsVisible = 0;
			defaultConfigurationName = Release;
		};
		270B26D9247B6A4B001804D6 /* Build configuration list for PBXNativeTarget "Decidim" */ = {
			isa = XCConfigurationList;
			buildConfigurations = (
				270B26DA247B6A4B001804D6 /* Debug */,
				270B26DB247B6A4B001804D6 /* Release */,
			);
			defaultConfigurationIsVisible = 0;
			defaultConfigurationName = Release;
		};
		270B26EA247BA178001804D6 /* Build configuration list for PBXNativeTarget "DecidimTests" */ = {
			isa = XCConfigurationList;
			buildConfigurations = (
				270B26EB247BA178001804D6 /* Debug */,
				270B26EC247BA178001804D6 /* Release */,
			);
			defaultConfigurationIsVisible = 0;
			defaultConfigurationName = Release;
		};
/* End XCConfigurationList section */
	};
	rootObject = 270B26BD247B6A4A001804D6 /* Project object */;
}
